{
  "name": "@nlpjs/xtables",
  "version": "4.25.0",
  "lockfileVersion": 2,
  "requires": true,
  "packages": {
    "": {
      "name": "@nlpjs/xtables",
      "version": "4.25.0",
      "license": "MIT",
      "dependencies": {
        "@lokalise/xlsx": "^0.20.0"
      }
    },
    "node_modules/@lokalise/xlsx": {
      "version": "0.20.2",
      "resolved": "https://registry.npmjs.org/@lokalise/xlsx/-/xlsx-0.20.2.tgz",
      "integrity": "sha512-DkzA5F+Gf2/hm5IRdxrugmWHo6fIHmlK1RIF4xu4eUbo9hTw18R7xeh5SJ/2XFzGPVoZzKsBMlwWvMyt4GyE2w==",
      "engines": {
        "node": ">=0.8"
      }
    }
  },
  "dependencies": {
    "@lokalise/xlsx": {
      "version": "0.20.2",
      "resolved": "https://registry.npmjs.org/@lokalise/xlsx/-/xlsx-0.20.2.tgz",
      "integrity": "sha512-DkzA5F+Gf2/hm5IRdxrugmWHo6fIHmlK1RIF4xu4eUbo9hTw18R7xeh5SJ/2XFzGPVoZzKsBMlwWvMyt4GyE2w=="
    }
  }
}
