{
	"name": "@nlpjs/evaluator",
	"version": "4.22.7",
	"lockfileVersion": 2,
	"requires": true,
	"packages": {
		"": {
			"name": "@nlpjs/evaluator",
			"version": "4.22.7",
			"license": "MIT",
			"dependencies": {
				"escodegen": "^2.0.0",
				"esprima": "^4.0.1"
			}
		},
		"node_modules/deep-is": {
			"version": "0.1.4",
			"resolved": "https://registry.npmjs.org/deep-is/-/deep-is-0.1.4.tgz",
			"integrity": "sha512-oIPzksmTg4/MriiaYGO+okXDT7ztn/w3Eptv/+gSIdMdKsJo0u4CfYNFJPy+4SKMuCqGw2wxnA+URMg3t8a/bQ=="
		},
		"node_modules/escodegen": {
			"version": "2.0.0",
			"resolved": "https://registry.npmjs.org/escodegen/-/escodegen-2.0.0.tgz",
			"integrity": "sha512-mmHKys/C8BFUGI+MAWNcSYoORYLMdPzjrknd2Vc+bUsjN5bXcr8EhrNB+UTqfL1y3I9c4fw2ihgtMPQLBRiQxw==",
			"dependencies": {
				"esprima": "^4.0.1",
				"estraverse": "^5.2.0",
				"esutils": "^2.0.2",
				"optionator": "^0.8.1"
			},
			"bin": {
				"escodegen": "bin/escodegen.js",
				"esgenerate": "bin/esgenerate.js"
			},
			"engines": {
				"node": ">=6.0"
			},
			"optionalDependencies": {
				"source-map": "~0.6.1"
			}
		},
		"node_modules/esprima": {
			"version": "4.0.1",
			"resolved": "https://registry.npmjs.org/esprima/-/esprima-4.0.1.tgz",
			"integrity": "sha512-eGuFFw7Upda+g4p+QHvnW0RyTX/SVeJBDM/gCtMARO0cLuT2HcEKnTPvhjV6aGeqrCB/sbNop0Kszm0jsaWU4A==",
			"bin": {
				"esparse": "bin/esparse.js",
				"esvalidate": "bin/esvalidate.js"
			},
			"engines": {
				"node": ">=4"
			}
		},
		"node_modules/estraverse": {
			"version": "5.3.0",
			"resolved": "https://registry.npmjs.org/estraverse/-/estraverse-5.3.0.tgz",
			"integrity": "sha512-MMdARuVEQziNTeJD8DgMqmhwR11BRQ/cBP+pLtYdSTnf3MIO8fFeiINEbX36ZdNlfU/7A9f3gUw49B3oQsvwBA==",
			"engines": {
				"node": ">=4.0"
			}
		},
		"node_modules/esutils": {
			"version": "2.0.3",
			"resolved": "https://registry.npmjs.org/esutils/-/esutils-2.0.3.tgz",
			"integrity": "sha512-kVscqXk4OCp68SZ0dkgEKVi6/8ij300KBWTJq32P/dYeWTSwK41WyTxalN1eRmA5Z9UU/LX9D7FWSmV9SAYx6g==",
			"engines": {
				"node": ">=0.10.0"
			}
		},
		"node_modules/fast-levenshtein": {
			"version": "2.0.6",
			"resolved": "https://registry.npmjs.org/fast-levenshtein/-/fast-levenshtein-2.0.6.tgz",
			"integrity": "sha512-DCXu6Ifhqcks7TZKY3Hxp3y6qphY5SJZmrWMDrKcERSOXWQdMhU9Ig/PYrzyw/ul9jOIyh0N4M0tbC5hodg8dw=="
		},
		"node_modules/levn": {
			"version": "0.3.0",
			"resolved": "https://registry.npmjs.org/levn/-/levn-0.3.0.tgz",
			"integrity": "sha512-0OO4y2iOHix2W6ujICbKIaEQXvFQHue65vUG3pb5EUomzPI90z9hsA1VsO/dbIIpC53J8gxM9Q4Oho0jrCM/yA==",
			"dependencies": {
				"prelude-ls": "~1.1.2",
				"type-check": "~0.3.2"
			},
			"engines": {
				"node": ">= 0.8.0"
			}
		},
		"node_modules/optionator": {
			"version": "0.8.3",
			"resolved": "https://registry.npmjs.org/optionator/-/optionator-0.8.3.tgz",
			"integrity": "sha512-+IW9pACdk3XWmmTXG8m3upGUJst5XRGzxMRjXzAuJ1XnIFNvfhjjIuYkDvysnPQ7qzqVzLt78BCruntqRhWQbA==",
			"dependencies": {
				"deep-is": "~0.1.3",
				"fast-levenshtein": "~2.0.6",
				"levn": "~0.3.0",
				"prelude-ls": "~1.1.2",
				"type-check": "~0.3.2",
				"word-wrap": "~1.2.3"
			},
			"engines": {
				"node": ">= 0.8.0"
			}
		},
		"node_modules/prelude-ls": {
			"version": "1.1.2",
			"resolved": "https://registry.npmjs.org/prelude-ls/-/prelude-ls-1.1.2.tgz",
			"integrity": "sha512-ESF23V4SKG6lVSGZgYNpbsiaAkdab6ZgOxe52p7+Kid3W3u3bxR4Vfd/o21dmN7jSt0IwgZ4v5MUd26FEtXE9w==",
			"engines": {
				"node": ">= 0.8.0"
			}
		},
		"node_modules/source-map": {
			"version": "0.6.1",
			"resolved": "https://registry.npmjs.org/source-map/-/source-map-0.6.1.tgz",
			"integrity": "sha512-UjgapumWlbMhkBgzT7Ykc5YXUT46F0iKu8SGXq0bcwP5dz/h0Plj6enJqjz1Zbq2l5WaqYnrVbwWOWMyF3F47g==",
			"optional": true,
			"engines": {
				"node": ">=0.10.0"
			}
		},
		"node_modules/type-check": {
			"version": "0.3.2",
			"resolved": "https://registry.npmjs.org/type-check/-/type-check-0.3.2.tgz",
			"integrity": "sha512-ZCmOJdvOWDBYJlzAoFkC+Q0+bUyEOS1ltgp1MGU03fqHG+dbi9tBFU2Rd9QKiDZFAYrhPh2JUf7rZRIuHRKtOg==",
			"dependencies": {
				"prelude-ls": "~1.1.2"
			},
			"engines": {
				"node": ">= 0.8.0"
			}
		},
		"node_modules/word-wrap": {
			"version": "1.2.3",
			"resolved": "https://registry.npmjs.org/word-wrap/-/word-wrap-1.2.3.tgz",
			"integrity": "sha512-Hz/mrNwitNRh/HUAtM/VT/5VH+ygD6DV7mYKZAtHOrbs8U7lvPS6xf7EJKMF0uW1KJCl0H701g3ZGus+muE5vQ==",
			"engines": {
				"node": ">=0.10.0"
			}
		}
	},
	"dependencies": {
		"deep-is": {
			"version": "0.1.4",
			"resolved": "https://registry.npmjs.org/deep-is/-/deep-is-0.1.4.tgz",
			"integrity": "sha512-oIPzksmTg4/MriiaYGO+okXDT7ztn/w3Eptv/+gSIdMdKsJo0u4CfYNFJPy+4SKMuCqGw2wxnA+URMg3t8a/bQ=="
		},
		"escodegen": {
			"version": "2.0.0",
			"resolved": "https://registry.npmjs.org/escodegen/-/escodegen-2.0.0.tgz",
			"integrity": "sha512-mmHKys/C8BFUGI+MAWNcSYoORYLMdPzjrknd2Vc+bUsjN5bXcr8EhrNB+UTqfL1y3I9c4fw2ihgtMPQLBRiQxw==",
			"requires": {
				"esprima": "^4.0.1",
				"estraverse": "^5.2.0",
				"esutils": "^2.0.2",
				"optionator": "^0.8.1",
				"source-map": "~0.6.1"
			}
		},
		"esprima": {
			"version": "4.0.1",
			"resolved": "https://registry.npmjs.org/esprima/-/esprima-4.0.1.tgz",
			"integrity": "sha512-eGuFFw7Upda+g4p+QHvnW0RyTX/SVeJBDM/gCtMARO0cLuT2HcEKnTPvhjV6aGeqrCB/sbNop0Kszm0jsaWU4A=="
		},
		"estraverse": {
			"version": "5.3.0",
			"resolved": "https://registry.npmjs.org/estraverse/-/estraverse-5.3.0.tgz",
			"integrity": "sha512-MMdARuVEQziNTeJD8DgMqmhwR11BRQ/cBP+pLtYdSTnf3MIO8fFeiINEbX36ZdNlfU/7A9f3gUw49B3oQsvwBA=="
		},
		"esutils": {
			"version": "2.0.3",
			"resolved": "https://registry.npmjs.org/esutils/-/esutils-2.0.3.tgz",
			"integrity": "sha512-kVscqXk4OCp68SZ0dkgEKVi6/8ij300KBWTJq32P/dYeWTSwK41WyTxalN1eRmA5Z9UU/LX9D7FWSmV9SAYx6g=="
		},
		"fast-levenshtein": {
			"version": "2.0.6",
			"resolved": "https://registry.npmjs.org/fast-levenshtein/-/fast-levenshtein-2.0.6.tgz",
			"integrity": "sha512-DCXu6Ifhqcks7TZKY3Hxp3y6qphY5SJZmrWMDrKcERSOXWQdMhU9Ig/PYrzyw/ul9jOIyh0N4M0tbC5hodg8dw=="
		},
		"levn": {
			"version": "0.3.0",
			"resolved": "https://registry.npmjs.org/levn/-/levn-0.3.0.tgz",
			"integrity": "sha512-0OO4y2iOHix2W6ujICbKIaEQXvFQHue65vUG3pb5EUomzPI90z9hsA1VsO/dbIIpC53J8gxM9Q4Oho0jrCM/yA==",
			"requires": {
				"prelude-ls": "~1.1.2",
				"type-check": "~0.3.2"
			}
		},
		"optionator": {
			"version": "0.8.3",
			"resolved": "https://registry.npmjs.org/optionator/-/optionator-0.8.3.tgz",
			"integrity": "sha512-+IW9pACdk3XWmmTXG8m3upGUJst5XRGzxMRjXzAuJ1XnIFNvfhjjIuYkDvysnPQ7qzqVzLt78BCruntqRhWQbA==",
			"requires": {
				"deep-is": "~0.1.3",
				"fast-levenshtein": "~2.0.6",
				"levn": "~0.3.0",
				"prelude-ls": "~1.1.2",
				"type-check": "~0.3.2",
				"word-wrap": "~1.2.3"
			}
		},
		"prelude-ls": {
			"version": "1.1.2",
			"resolved": "https://registry.npmjs.org/prelude-ls/-/prelude-ls-1.1.2.tgz",
			"integrity": "sha512-ESF23V4SKG6lVSGZgYNpbsiaAkdab6ZgOxe52p7+Kid3W3u3bxR4Vfd/o21dmN7jSt0IwgZ4v5MUd26FEtXE9w=="
		},
		"source-map": {
			"version": "0.6.1",
			"resolved": "https://registry.npmjs.org/source-map/-/source-map-0.6.1.tgz",
			"integrity": "sha512-UjgapumWlbMhkBgzT7Ykc5YXUT46F0iKu8SGXq0bcwP5dz/h0Plj6enJqjz1Zbq2l5WaqYnrVbwWOWMyF3F47g==",
			"optional": true
		},
		"type-check": {
			"version": "0.3.2",
			"resolved": "https://registry.npmjs.org/type-check/-/type-check-0.3.2.tgz",
			"integrity": "sha512-ZCmOJdvOWDBYJlzAoFkC+Q0+bUyEOS1ltgp1MGU03fqHG+dbi9tBFU2Rd9QKiDZFAYrhPh2JUf7rZRIuHRKtOg==",
			"requires": {
				"prelude-ls": "~1.1.2"
			}
		},
		"word-wrap": {
			"version": "1.2.3",
			"resolved": "https://registry.npmjs.org/word-wrap/-/word-wrap-1.2.3.tgz",
			"integrity": "sha512-Hz/mrNwitNRh/HUAtM/VT/5VH+ygD6DV7mYKZAtHOrbs8U7lvPS6xf7EJKMF0uW1KJCl0H701g3ZGus+muE5vQ=="
		}
	}
}
