{
  "name": "nlpjs_lambda_function",
  "version": "1.0.0",
  "lockfileVersion": 1,
  "requires": true,
  "dependencies": {
    "@microsoft/recognizers-text": {
      "version": "1.1.4",
      "resolved": "https://registry.npmjs.org/@microsoft/recognizers-text/-/recognizers-text-1.1.4.tgz",
      "integrity": "sha512-hlSVXcaX5i8JcjuUJpVxmy2Z/GxvFXarF0KVySCFop57wNEnrLWMHe4I4DjP866G19VyIKRw+vPA32pkGhZgTg=="
    },
    "@microsoft/recognizers-text-choice": {
      "version": "1.1.4",
      "resolved": "https://registry.npmjs.org/@microsoft/recognizers-text-choice/-/recognizers-text-choice-1.1.4.tgz",
      "integrity": "sha512-4CddwFe4RVhZeJgW65ocBrEdeukBMghK8pgI0K0Qy2eA5ysPZQpeZ7BGSDz5QMQei5LPY+QaAQ3CHU+ORHoO7A==",
      "requires": {
        "@microsoft/recognizers-text": "~1.1.4",
        "grapheme-splitter": "^1.0.2"
      }
    },
    "@microsoft/recognizers-text-date-time": {
      "version": "1.1.4",
      "resolved": "https://registry.npmjs.org/@microsoft/recognizers-text-date-time/-/recognizers-text-date-time-1.1.4.tgz",
      "integrity": "sha512-leMnjN+KYNwNvRD5T4G0ORUzkjlek/BBZDvQIjAujtyrd/pkViUnuouWIPkFT/dbSOxXML8et54CSk2KfHiWIA==",
      "requires": {
        "@microsoft/recognizers-text": "~1.1.4",
        "@microsoft/recognizers-text-number": "~1.1.4",
        "@microsoft/recognizers-text-number-with-unit": "~1.1.4",
        "lodash.isequal": "^4.5.0",
        "lodash.tonumber": "^4.0.3"
      }
    },
    "@microsoft/recognizers-text-number": {
      "version": "1.1.4",
      "resolved": "https://registry.npmjs.org/@microsoft/recognizers-text-number/-/recognizers-text-number-1.1.4.tgz",
      "integrity": "sha512-6EmlR+HR+eJBIX7sQby1vs6LJB64wxLowHaGpIU9OCXFvZ5Nb0QT8qh10rC40v3Mtrz4DpScXfSXr9tWkIO5MQ==",
      "requires": {
        "@microsoft/recognizers-text": "~1.1.4",
        "bignumber.js": "^7.2.1",
        "lodash.escaperegexp": "^4.1.2",
        "lodash.sortby": "^4.7.0",
        "lodash.trimend": "^4.5.1"
      }
    },
    "@microsoft/recognizers-text-number-with-unit": {
      "version": "1.1.4",
      "resolved": "https://registry.npmjs.org/@microsoft/recognizers-text-number-with-unit/-/recognizers-text-number-with-unit-1.1.4.tgz",
      "integrity": "sha512-zl+CfmfWK0x/x+iSgaBAevKTYO0F4+z7SYHAHztaaaGuX8FERw2jmUjSgVetm5KA3EveyCx0XYGU1mRNY8p7Eg==",
      "requires": {
        "@microsoft/recognizers-text": "~1.1.4",
        "@microsoft/recognizers-text-number": "~1.1.4",
        "lodash.escaperegexp": "^4.1.2",
        "lodash.last": "^3.0.0",
        "lodash.max": "^4.0.1"
      }
    },
    "@microsoft/recognizers-text-sequence": {
      "version": "1.1.4",
      "resolved": "https://registry.npmjs.org/@microsoft/recognizers-text-sequence/-/recognizers-text-sequence-1.1.4.tgz",
      "integrity": "sha512-rb5j8/aE7HSOdIxaVfCGFrj0wWPpSq0CuykFg/A/iJNPP+FnAU71bgP5HexrwQcpCsDinauisX7u0DKIChrHRA==",
      "requires": {
        "@microsoft/recognizers-text": "~1.1.4",
        "grapheme-splitter": "^1.0.2"
      }
    },
    "@microsoft/recognizers-text-suite": {
      "version": "1.1.4",
      "resolved": "https://registry.npmjs.org/@microsoft/recognizers-text-suite/-/recognizers-text-suite-1.1.4.tgz",
      "integrity": "sha512-hNIaR4M2G0nNeI9WZxt9C0KYh/1vhjeKzX5Ds8XDdT0pxF7zwCSo19WNcPjrVK6aCOeZTw/ULofsAjdu9gSkcA==",
      "requires": {
        "@microsoft/recognizers-text": "~1.1.4",
        "@microsoft/recognizers-text-choice": "~1.1.4",
        "@microsoft/recognizers-text-date-time": "~1.1.4",
        "@microsoft/recognizers-text-number": "~1.1.4",
        "@microsoft/recognizers-text-number-with-unit": "~1.1.4",
        "@microsoft/recognizers-text-sequence": "~1.1.4"
      }
    },
    "@nlpjs/builtin-duckling": {
      "version": "4.3.0",
      "resolved": "https://registry.npmjs.org/@nlpjs/builtin-duckling/-/builtin-duckling-4.3.0.tgz",
      "integrity": "sha512-TJ4OU1ZQE2MvjwTuIInqJg/+4zpryO8XyhNumorXpjoWtjp7Oi6eqN9Rn52mS2RMSRYAnlzZ/ncn3wzlFsNWzw==",
      "requires": {
        "@nlpjs/core": "^4.3.0"
      }
    },
    "@nlpjs/builtin-microsoft": {
      "version": "4.3.0",
      "resolved": "https://registry.npmjs.org/@nlpjs/builtin-microsoft/-/builtin-microsoft-4.3.0.tgz",
      "integrity": "sha512-sytVSgR55Yjmag7aCkvel9jSBrhWpRiKXT/yFgs+hmaKL+09x89Tkboe35pq8WW5QRSu7MBeEhM5lCUt0RTGMg==",
      "requires": {
        "@microsoft/recognizers-text-suite": "1.1.4",
        "@nlpjs/core": "^4.3.0"
      }
    },
    "@nlpjs/core": {
      "version": "4.3.0",
      "resolved": "https://registry.npmjs.org/@nlpjs/core/-/core-4.3.0.tgz",
      "integrity": "sha512-RI81kZMl7Z4TigCaq2rmZSejMRY7YWTGrPfmxIMC+Q9VQZ0Hkl3OqP9OqMI4fCMS45mCEBqzswpmY1Y0lFB6SQ=="
    },
    "@nlpjs/core-loader": {
      "version": "4.3.0",
      "resolved": "https://registry.npmjs.org/@nlpjs/core-loader/-/core-loader-4.3.0.tgz",
      "integrity": "sha512-zkZS3YtABLNLbpHYAHjm4lUrAFU9E8cbjhGRJtPKP9fgz7tQtATym5xaUK+3m0tNwxNbTXhwa2EUGltZp0e+PA==",
      "requires": {
        "@nlpjs/core": "^4.3.0",
        "@nlpjs/request": "^4.3.0"
      }
    },
    "@nlpjs/emoji": {
      "version": "4.3.0",
      "resolved": "https://registry.npmjs.org/@nlpjs/emoji/-/emoji-4.3.0.tgz",
      "integrity": "sha512-IWmYMpT+xmTWFhnTYhpnRl4e4/siLABUn280lr/LUeCSMwB6M1uQj+PS1Tjnmv3SeBBsyNxrao4IYZ1lJiTlVA==",
      "requires": {
        "@nlpjs/core": "^4.3.0"
      }
    },
    "@nlpjs/evaluator": {
      "version": "4.3.0",
      "resolved": "https://registry.npmjs.org/@nlpjs/evaluator/-/evaluator-4.3.0.tgz",
      "integrity": "sha512-zjUCNyasDzagfVH5Qd873tpLA3KaZ1t+TIXJbKmlIpDuJBI4FF6BuB/6eN6rF5zCyGy4aqiz2TGpk7HRqkoPwg==",
      "requires": {
        "escodegen": "^1.12.0",
        "esprima": "^4.0.1"
      }
    },
    "@nlpjs/lang-all": {
      "version": "4.3.0",
      "resolved": "https://registry.npmjs.org/@nlpjs/lang-all/-/lang-all-4.3.0.tgz",
      "integrity": "sha512-If/4XiA8nEVIfAmNAXQMGtFudCsW3UiQxve9aIzUWbZoykGpJEWpRWcNslMgF0n1IW2a8wyuCbRY05O7EMMjHg==",
      "requires": {
        "@nlpjs/core": "^4.3.0",
        "@nlpjs/lang-ar": "^4.3.0",
        "@nlpjs/lang-bn": "^4.3.0",
        "@nlpjs/lang-ca": "^4.3.0",
        "@nlpjs/lang-cs": "^4.3.0",
        "@nlpjs/lang-da": "^4.3.0",
        "@nlpjs/lang-de": "^4.3.0",
        "@nlpjs/lang-el": "^4.3.0",
        "@nlpjs/lang-en": "^4.3.0",
        "@nlpjs/lang-es": "^4.3.0",
        "@nlpjs/lang-eu": "^4.3.0",
        "@nlpjs/lang-fa": "^4.3.0",
        "@nlpjs/lang-fi": "^4.3.0",
        "@nlpjs/lang-fr": "^4.3.0",
        "@nlpjs/lang-ga": "^4.3.0",
        "@nlpjs/lang-gl": "^4.3.0",
        "@nlpjs/lang-hi": "^4.3.0",
        "@nlpjs/lang-hu": "^4.3.0",
        "@nlpjs/lang-hy": "^4.3.0",
        "@nlpjs/lang-id": "^4.3.0",
        "@nlpjs/lang-it": "^4.3.0",
        "@nlpjs/lang-ja": "^4.3.0",
        "@nlpjs/lang-ko": "^4.3.0",
        "@nlpjs/lang-lt": "^4.3.0",
        "@nlpjs/lang-ms": "^4.3.0",
        "@nlpjs/lang-ne": "^4.3.0",
        "@nlpjs/lang-nl": "^4.3.0",
        "@nlpjs/lang-no": "^4.3.0",
        "@nlpjs/lang-pl": "^4.3.0",
        "@nlpjs/lang-pt": "^4.3.0",
        "@nlpjs/lang-ro": "^4.3.0",
        "@nlpjs/lang-ru": "^4.3.0",
        "@nlpjs/lang-sl": "^4.3.0",
        "@nlpjs/lang-sr": "^4.3.0",
        "@nlpjs/lang-sv": "^4.3.0",
        "@nlpjs/lang-ta": "^4.3.0",
        "@nlpjs/lang-th": "^4.3.0",
        "@nlpjs/lang-tl": "^4.3.0",
        "@nlpjs/lang-tr": "^4.3.0",
        "@nlpjs/lang-uk": "^4.3.0",
        "@nlpjs/lang-zh": "^4.3.0"
      }
    },
    "@nlpjs/lang-ar": {
      "version": "4.3.0",
      "resolved": "https://registry.npmjs.org/@nlpjs/lang-ar/-/lang-ar-4.3.0.tgz",
      "integrity": "sha512-t0to0+DHlUL5EPd8El0a9MnEtzQxqtLodIVP3F3ABs1kOyqEOUhUhFyTpz395kaFt6EvpGgpaLJdrNePHnqGoA==",
      "requires": {
        "@nlpjs/core": "^4.3.0"
      }
    },
    "@nlpjs/lang-bn": {
      "version": "4.3.0",
      "resolved": "https://registry.npmjs.org/@nlpjs/lang-bn/-/lang-bn-4.3.0.tgz",
      "integrity": "sha512-rTRzEDFLU53ffen4uBMS/CcGuTGzvbWxaGnfrN4H5kyXEC60dHBSmZBbGAPnmbVJSiDXCY2FSKuzcWXCck/yvA==",
      "requires": {
        "@nlpjs/core": "^4.3.0"
      }
    },
    "@nlpjs/lang-ca": {
      "version": "4.3.0",
      "resolved": "https://registry.npmjs.org/@nlpjs/lang-ca/-/lang-ca-4.3.0.tgz",
      "integrity": "sha512-51z1tU3qT8t8bmn9iGxL5jSzk2rtqh6SfPx3ZwCqtPM8dwcixvZx/z4jpQXQnYAb3Vz26vBARzNfNRtg9CIXBg==",
      "requires": {
        "@nlpjs/core": "^4.3.0"
      }
    },
    "@nlpjs/lang-cs": {
      "version": "4.3.0",
      "resolved": "https://registry.npmjs.org/@nlpjs/lang-cs/-/lang-cs-4.3.0.tgz",
      "integrity": "sha512-L8Z3PGxEQ3/R4SDiDvDnaWtynp72ibKfSFt3qfqvCKEAvnO1o5IE/49DxJnUlxE7RN/JQyuqMmK/TNn9v54FsA==",
      "requires": {
        "@nlpjs/core": "^4.3.0"
      }
    },
    "@nlpjs/lang-da": {
      "version": "4.3.0",
      "resolved": "https://registry.npmjs.org/@nlpjs/lang-da/-/lang-da-4.3.0.tgz",
      "integrity": "sha512-/Ep0CFDtPML4wE5DDe8k5nnyXOx3qdonPbpuKkTzP4Icmcjwo7nN4RUdvKJDGq/FR2k4AFxR5Jmr5MqE/zPRZA==",
      "requires": {
        "@nlpjs/core": "^4.3.0"
      }
    },
    "@nlpjs/lang-de": {
      "version": "4.3.0",
      "resolved": "https://registry.npmjs.org/@nlpjs/lang-de/-/lang-de-4.3.0.tgz",
      "integrity": "sha512-uutxR7guI9yviDhfTEVEAUFFpMrkkHUod1GEdjsrQCkCBvkde67cayU9Ot/XQXUj/Yp91nVzsrvasrD1yKUUfA==",
      "requires": {
        "@nlpjs/core": "^4.3.0"
      }
    },
    "@nlpjs/lang-el": {
      "version": "4.3.0",
      "resolved": "https://registry.npmjs.org/@nlpjs/lang-el/-/lang-el-4.3.0.tgz",
      "integrity": "sha512-tq8HIYoQ2evi4s4LP3Jn4oBofW0wuDOclDGKZtt4LhFglm0ZdxBPCerIG55b8V5PyvZbpGFSstgF3EM3TsP/1g==",
      "requires": {
        "@nlpjs/core": "^4.3.0"
      }
    },
    "@nlpjs/lang-en": {
      "version": "4.3.0",
      "resolved": "https://registry.npmjs.org/@nlpjs/lang-en/-/lang-en-4.3.0.tgz",
      "integrity": "sha512-HfxQyyD5lMOo05Wil01lg5zNILMYCv/HWfr3qeTzbfylNbB/3jorDGpuGQe70e8ZjveJSwSegyow4Q859/OgPw==",
      "requires": {
        "@nlpjs/core": "^4.3.0",
        "@nlpjs/lang-en-min": "^4.3.0"
      }
    },
    "@nlpjs/lang-en-min": {
      "version": "4.3.0",
      "resolved": "https://registry.npmjs.org/@nlpjs/lang-en-min/-/lang-en-min-4.3.0.tgz",
      "integrity": "sha512-UvVJpqNTZQlp9gcVtwxRLYcyNawt+hUn9nz8sBhKrscg/5i9m5Gf2u0o2Y+us5LVw+704X0qZn4W2yKzbA6Jug==",
      "requires": {
        "@nlpjs/core": "^4.3.0"
      }
    },
    "@nlpjs/lang-es": {
      "version": "4.3.0",
      "resolved": "https://registry.npmjs.org/@nlpjs/lang-es/-/lang-es-4.3.0.tgz",
      "integrity": "sha512-Hzz2vZqaNy89/mnELaiWobmIgFcLmyUwoRkjuPLCs1+4QHau6dSMqoJnD4kQPF46iA4WfBqTiAjLuYKd3wQ98g==",
      "requires": {
        "@nlpjs/core": "^4.3.0"
      }
    },
    "@nlpjs/lang-eu": {
      "version": "4.3.0",
      "resolved": "https://registry.npmjs.org/@nlpjs/lang-eu/-/lang-eu-4.3.0.tgz",
      "integrity": "sha512-SRfhm6qTGYW/347RqszJzHWDh9ENZC9z75tvcO15V52qUPDgn4pVaFJWOncJaskUYDIn9CRQR+2fMzn3xKOw/w==",
      "requires": {
        "@nlpjs/core": "^4.3.0"
      }
    },
    "@nlpjs/lang-fa": {
      "version": "4.3.0",
      "resolved": "https://registry.npmjs.org/@nlpjs/lang-fa/-/lang-fa-4.3.0.tgz",
      "integrity": "sha512-Q3IIvBm+C4MvtoGcST0HDFoJAVLewKSHxKF0t4+LAgqEx2iWiehCxMZNn9igGYN9I8X0wiiFfCn7kdYUnXyGTA==",
      "requires": {
        "@nlpjs/core": "^4.3.0"
      }
    },
    "@nlpjs/lang-fi": {
      "version": "4.3.0",
      "resolved": "https://registry.npmjs.org/@nlpjs/lang-fi/-/lang-fi-4.3.0.tgz",
      "integrity": "sha512-4B29e5WuA9IUWD530l7x3HicJKlzX/bY9H+EzbQRjOWJqEljJOttlOIs05o+rnORdxto4EGXYWITI3yIkZ7fpQ==",
      "requires": {
        "@nlpjs/core": "^4.3.0"
      }
    },
    "@nlpjs/lang-fr": {
      "version": "4.3.0",
      "resolved": "https://registry.npmjs.org/@nlpjs/lang-fr/-/lang-fr-4.3.0.tgz",
      "integrity": "sha512-1DQcsPr2iKwzGyhslg9NcC7UKaRXQpGWhoATr+lyBU2dC8nlSIMTdYi8k0OIUgVup8ZXp6k1D2pvTc1tijXlXQ==",
      "requires": {
        "@nlpjs/core": "^4.3.0"
      }
    },
    "@nlpjs/lang-ga": {
      "version": "4.3.0",
      "resolved": "https://registry.npmjs.org/@nlpjs/lang-ga/-/lang-ga-4.3.0.tgz",
      "integrity": "sha512-BsoH36i14jJr0IiJ1bRPdMkabbsZt1qRF+lAv0a7AQkWBKdNsOLnDdmqsOzVdwfo5yW8jz5TlY/+Y9/F8tleDA==",
      "requires": {
        "@nlpjs/core": "^4.3.0"
      }
    },
    "@nlpjs/lang-gl": {
      "version": "4.3.0",
      "resolved": "https://registry.npmjs.org/@nlpjs/lang-gl/-/lang-gl-4.3.0.tgz",
      "integrity": "sha512-IgT1dXHzfrzhjKrHVuYm5MgAn4DvLYxGu/aQmy8opKal33LQ4nSZP94xSQdKu46AiaGpHFmx31mj+CZvWbxUSQ==",
      "requires": {
        "@nlpjs/core": "^4.3.0"
      }
    },
    "@nlpjs/lang-hi": {
      "version": "4.3.0",
      "resolved": "https://registry.npmjs.org/@nlpjs/lang-hi/-/lang-hi-4.3.0.tgz",
      "integrity": "sha512-CGMfRhrvMhxYLqxzO33WFAZzXYiIHK4AIVoTc3kbbw/rAcrGiOZBDjmD97xzbKM7+0Ivj4tSsiK55l8GrutAwQ==",
      "requires": {
        "@nlpjs/core": "^4.3.0"
      }
    },
    "@nlpjs/lang-hu": {
      "version": "4.3.0",
      "resolved": "https://registry.npmjs.org/@nlpjs/lang-hu/-/lang-hu-4.3.0.tgz",
      "integrity": "sha512-5BCofozIbvVD1t+FVJD+5VwISU3ep41UnzN83z96nkhQrUcCAReNb2AS5Cj3oIbSLTnO1Ygl+2DZg0nr3XfjLw==",
      "requires": {
        "@nlpjs/core": "^4.3.0"
      }
    },
    "@nlpjs/lang-hy": {
      "version": "4.3.0",
      "resolved": "https://registry.npmjs.org/@nlpjs/lang-hy/-/lang-hy-4.3.0.tgz",
      "integrity": "sha512-tYlBp+VqEcc0GcKmIne89hrFa+yM7u4Rj2uGYEfEXNRepDnDKJ0uiXpr5ZlEsPPI/+9fOJGlZkUqrNTvgIC//w==",
      "requires": {
        "@nlpjs/core": "^4.3.0"
      }
    },
    "@nlpjs/lang-id": {
      "version": "4.3.0",
      "resolved": "https://registry.npmjs.org/@nlpjs/lang-id/-/lang-id-4.3.0.tgz",
      "integrity": "sha512-hj0oAQsJWllXRarQcU2RHpmpnak3pvCCEJ37ox/XzIvQ0U69BFLI/sIalNxV7tkhHx+buQWd8m2Pl4h+pDqutA==",
      "requires": {
        "@nlpjs/core": "^4.3.0"
      }
    },
    "@nlpjs/lang-it": {
      "version": "4.3.0",
      "resolved": "https://registry.npmjs.org/@nlpjs/lang-it/-/lang-it-4.3.0.tgz",
      "integrity": "sha512-XcporaZBTCsahhahq2OSzxf63z2A3GHPX3iQBE54HN7HS91FXOgVlW87D+px2cn9E84BaernWPCx9XRCGgSRWQ==",
      "requires": {
        "@nlpjs/core": "^4.3.0"
      }
    },
    "@nlpjs/lang-ja": {
      "version": "4.3.0",
      "resolved": "https://registry.npmjs.org/@nlpjs/lang-ja/-/lang-ja-4.3.0.tgz",
      "integrity": "sha512-P3Wqi5SQU3FMkHTd5KFfjOJZsm60c0DAyDfnpjAxBwQF/odKZwy+YMpaumQbDumwl4dzFFD9vOkxm+47xxQaiA==",
      "requires": {
        "@nlpjs/core": "^4.3.0",
        "kuromoji": "^0.1.2"
      }
    },
    "@nlpjs/lang-ko": {
      "version": "4.3.0",
      "resolved": "https://registry.npmjs.org/@nlpjs/lang-ko/-/lang-ko-4.3.0.tgz",
      "integrity": "sha512-PhcYNVO8WhA3AL8dOfK8zejxm5cFOLikbecl2fkE/npdI56kxWUH6sMe5/Ym/tZ82xC54Pl6ThRkqtPGMKOt5Q==",
      "requires": {
        "@nlpjs/core": "^4.3.0"
      }
    },
    "@nlpjs/lang-lt": {
      "version": "4.3.0",
      "resolved": "https://registry.npmjs.org/@nlpjs/lang-lt/-/lang-lt-4.3.0.tgz",
      "integrity": "sha512-u5PPYO0gagUd+8GZXiM3Mr3zyOdtp4dGnCsDcoOhH7UM4ZYZlcsyCsqlpfaSgAHK7QtB3yc6s0xDmbe/mOyvcQ==",
      "requires": {
        "@nlpjs/core": "^4.3.0"
      }
    },
    "@nlpjs/lang-ms": {
      "version": "4.3.0",
      "resolved": "https://registry.npmjs.org/@nlpjs/lang-ms/-/lang-ms-4.3.0.tgz",
      "integrity": "sha512-UorfB4h8h4a1eJfgZtM/DapVMfv1+TUOJ5tKPYluDGV+5JEFaRl1a1TSHzG2FxLX7iuj7kQSMhC8ug43VTOYQg==",
      "requires": {
        "@nlpjs/core": "^4.3.0",
        "@nlpjs/lang-id": "^4.3.0"
      }
    },
    "@nlpjs/lang-ne": {
      "version": "4.3.0",
      "resolved": "https://registry.npmjs.org/@nlpjs/lang-ne/-/lang-ne-4.3.0.tgz",
      "integrity": "sha512-jxYOvyi1a1sjhPmA9X9GbUZfGMAnUrC0ubohKLlSe7LYPEZBZRnHPSP0edo/VFuQy/MCkL+BccIO2Mw1UO6rYA==",
      "requires": {
        "@nlpjs/core": "^4.3.0"
      }
    },
    "@nlpjs/lang-nl": {
      "version": "4.3.0",
      "resolved": "https://registry.npmjs.org/@nlpjs/lang-nl/-/lang-nl-4.3.0.tgz",
      "integrity": "sha512-/FGQpjUlhFRpi01QL1M2PYBSg/CXhrxs4Ffl3o8UMzKaze0o1vgb9a4ZOkpzQF0xai4hzqr2xhTNnlhjRXq50A==",
      "requires": {
        "@nlpjs/core": "^4.3.0"
      }
    },
    "@nlpjs/lang-no": {
      "version": "4.3.0",
      "resolved": "https://registry.npmjs.org/@nlpjs/lang-no/-/lang-no-4.3.0.tgz",
      "integrity": "sha512-Utx6/kskdOEQQv/kPVjba4MbPV4pTSh9PvwNcw3ui5eD1TnQDdinHMrFi/nurnjZGsFsNu1tcZ+Yde5oNal7aA==",
      "requires": {
        "@nlpjs/core": "^4.3.0"
      }
    },
    "@nlpjs/lang-pl": {
      "version": "4.3.0",
      "resolved": "https://registry.npmjs.org/@nlpjs/lang-pl/-/lang-pl-4.3.0.tgz",
      "integrity": "sha512-GyzTDs/hrX4BAomJO7z9eWA+9/EFkQoytX9GrhyRtoYstpdd85Mq/14nbS7EoakcnXQCBFJzgd31Ia0ymAvuRw==",
      "requires": {
        "@nlpjs/core": "^4.3.0"
      }
    },
    "@nlpjs/lang-pt": {
      "version": "4.3.0",
      "resolved": "https://registry.npmjs.org/@nlpjs/lang-pt/-/lang-pt-4.3.0.tgz",
      "integrity": "sha512-0wmWzV0sHassje/ys8QBO8Q7oeHVaFE2g6ZF5NRwzsy8SH4//DZ5T5eb8JYBrsPTVSZ4krnJUmuG9FnQRdrePw==",
      "requires": {
        "@nlpjs/core": "^4.3.0"
      }
    },
    "@nlpjs/lang-ro": {
      "version": "4.3.0",
      "resolved": "https://registry.npmjs.org/@nlpjs/lang-ro/-/lang-ro-4.3.0.tgz",
      "integrity": "sha512-7uAEuAZy2ZAQNEnXC3E8+zusczsRWB9q9y0ZeId3F70F80zGG3r3QRoAPjhf4AaW/vmhHDaIlOKr61/obIodtg==",
      "requires": {
        "@nlpjs/core": "^4.3.0"
      }
    },
    "@nlpjs/lang-ru": {
      "version": "4.3.0",
      "resolved": "https://registry.npmjs.org/@nlpjs/lang-ru/-/lang-ru-4.3.0.tgz",
      "integrity": "sha512-xxdodGGiKEjbd1UuyeMGcOUET9aS+wlUpaT0KlI9U+xMgS8gYumIws6z5ISaZsJqEc+FYXd7qf009y4gN2tdSA==",
      "requires": {
        "@nlpjs/core": "^4.3.0"
      }
    },
    "@nlpjs/lang-sl": {
      "version": "4.3.0",
      "resolved": "https://registry.npmjs.org/@nlpjs/lang-sl/-/lang-sl-4.3.0.tgz",
      "integrity": "sha512-rMijxpaf7eByCpJzxIJTPTJ0oOtcRraKLvzB7qTTwd76f9PtRP9d75OZcgjnIhGEMGGyARX4HtlKHLalMHClfg==",
      "requires": {
        "@nlpjs/core": "^4.3.0"
      }
    },
    "@nlpjs/lang-sr": {
      "version": "4.3.0",
      "resolved": "https://registry.npmjs.org/@nlpjs/lang-sr/-/lang-sr-4.3.0.tgz",
      "integrity": "sha512-xOg7RMXwTsubMvghbpvjXdeWk7r0+l4kOeBGn7fJt/AfQid1ALdAEBd324ctQirMbMFJwxqobuKaLTa97O0KYQ==",
      "requires": {
        "@nlpjs/core": "^4.3.0"
      }
    },
    "@nlpjs/lang-sv": {
      "version": "4.3.0",
      "resolved": "https://registry.npmjs.org/@nlpjs/lang-sv/-/lang-sv-4.3.0.tgz",
      "integrity": "sha512-lY1Z6JqFvQlJmzhQ2S9Ys287Q9TmkksCX6/Pxja+vEaKSGNNUEjCVH4qbqAzY5Obf1k+7KkEyTu4sjyEr/0n7A==",
      "requires": {
        "@nlpjs/core": "^4.3.0"
      }
    },
    "@nlpjs/lang-ta": {
      "version": "4.3.0",
      "resolved": "https://registry.npmjs.org/@nlpjs/lang-ta/-/lang-ta-4.3.0.tgz",
      "integrity": "sha512-3Q174Bkw7JLKSv/XCpS15WFygoB+ZEX6a3YUmmQG9PAZ1dvvBXkktgHU56gwoZ8RMuOg6eanrYT1/0/Yb0OigA==",
      "requires": {
        "@nlpjs/core": "^4.3.0"
      }
    },
    "@nlpjs/lang-th": {
      "version": "4.3.0",
      "resolved": "https://registry.npmjs.org/@nlpjs/lang-th/-/lang-th-4.3.0.tgz",
      "integrity": "sha512-GKf24v2YdWIWiP8jvUZnZ2opYvY5fziTbRaoHomlBpw8N/4aQIAa/iqoJrHmwrXTva9siBzKe4JvjusHNzUx8Q==",
      "requires": {
        "@nlpjs/core": "^4.3.0"
      }
    },
    "@nlpjs/lang-tl": {
      "version": "4.3.0",
      "resolved": "https://registry.npmjs.org/@nlpjs/lang-tl/-/lang-tl-4.3.0.tgz",
      "integrity": "sha512-PP1gvyzOmmvEZVch2x4oBEZo5larn31USyjRFRq+dghJ7LK40TPWcipmbc1vg/l5FMiI+BlW3kcxuDToySRMyA==",
      "requires": {
        "@nlpjs/core": "^4.3.0"
      }
    },
    "@nlpjs/lang-tr": {
      "version": "4.3.0",
      "resolved": "https://registry.npmjs.org/@nlpjs/lang-tr/-/lang-tr-4.3.0.tgz",
      "integrity": "sha512-dixTifRbrPbrUETXTkUe233kBc+G2SrMK3nde+TOlaYL8oXOmujXAzLS8fyd87o9IrunUsAd8/RSjrkwG86K0A==",
      "requires": {
        "@nlpjs/core": "^4.3.0"
      }
    },
    "@nlpjs/lang-uk": {
      "version": "4.3.0",
      "resolved": "https://registry.npmjs.org/@nlpjs/lang-uk/-/lang-uk-4.3.0.tgz",
      "integrity": "sha512-MXjjjtnTiJzxS5j4rMxZEQUUKpMwnzPhzlA1sME5I+7+c/84LzFEXfktAzvZ+z8JfqpIjdV4Oo6oJfoym/TyyA==",
      "requires": {
        "@nlpjs/core": "^4.3.0"
      }
    },
    "@nlpjs/lang-zh": {
      "version": "4.3.0",
      "resolved": "https://registry.npmjs.org/@nlpjs/lang-zh/-/lang-zh-4.3.0.tgz",
      "integrity": "sha512-GRjUTk5auf5D/F0iimhz5dWkX18R+KDdxS33ymOYMr7fb3bxtFrLmwrhDVyVJCqP54J+70CcxB863jGcH8FK9A==",
      "requires": {
        "@nlpjs/core": "^4.3.0"
      }
    },
    "@nlpjs/language": {
      "version": "4.3.0",
      "resolved": "https://registry.npmjs.org/@nlpjs/language/-/language-4.3.0.tgz",
      "integrity": "sha512-MEGbVW+nR+5sk3I5q1op/iWx+dyAUpppt5/NLr7UoBX0oPNm7kMbsslDFmKJc7g63/GwtfsYpTOB87HGWK0I4w=="
    },
    "@nlpjs/language-min": {
      "version": "4.3.0",
      "resolved": "https://registry.npmjs.org/@nlpjs/language-min/-/language-min-4.3.0.tgz",
      "integrity": "sha512-6PaopdEsHyN+H7N1pK91OET83vAEJ8yQaYRMSFIwmPh05KqEq5nSKimK78Z1j7kPe1T1Hbgy7O5ZctJZR79RDw=="
    },
    "@nlpjs/ner": {
      "version": "4.3.0",
      "resolved": "https://registry.npmjs.org/@nlpjs/ner/-/ner-4.3.0.tgz",
      "integrity": "sha512-XA8FK8vWgcafrhofM8Qw8JYAKo+zj2PMWugAFq+BtlJb7gw43RcivZ4TR43V+8wvOvHrcCZRv3MCIZL9Jj9bsQ==",
      "requires": {
        "@nlpjs/core": "^4.3.0",
        "@nlpjs/language-min": "^4.3.0",
        "@nlpjs/similarity": "^4.0.0-rc.4"
      }
    },
    "@nlpjs/neural": {
      "version": "4.3.0",
      "resolved": "https://registry.npmjs.org/@nlpjs/neural/-/neural-4.3.0.tgz",
      "integrity": "sha512-917TQC/8evIrh9LIn14pakoib4DZLTNWb4SWR1T0WUqirqR+BZv2+G9UXxUPZURXvgtgleUUmCxasbp9cnHXEA==",
      "requires": {
        "@nlpjs/core": "^4.3.0"
      }
    },
    "@nlpjs/nlg": {
      "version": "4.3.0",
      "resolved": "https://registry.npmjs.org/@nlpjs/nlg/-/nlg-4.3.0.tgz",
      "integrity": "sha512-dxZuTnycrOMGTiLUGSC3lDAp6Nq7Y/Qh/xViyDAPHky2ai2B75gY4FlzMtrpcS7AhoKsqEixf35u3POAL9DGcQ==",
      "requires": {
        "@nlpjs/core": "^4.3.0"
      }
    },
    "@nlpjs/nlp": {
      "version": "4.3.0",
      "resolved": "https://registry.npmjs.org/@nlpjs/nlp/-/nlp-4.3.0.tgz",
      "integrity": "sha512-ueZW7n++3mM+VBwU7JZLqbc/VS1lNox2KDeLQmySLyTE9MJmnSLovXX6x1/HavjjKOI7t2RYMzRKNxkeBPD6yA==",
      "requires": {
        "@nlpjs/core": "^4.3.0",
        "@nlpjs/ner": "^4.3.0",
        "@nlpjs/nlg": "^4.3.0",
        "@nlpjs/nlu": "^4.3.0",
        "@nlpjs/sentiment": "^4.3.0",
        "@nlpjs/slot": "^4.3.0"
      }
    },
    "@nlpjs/nlu": {
      "version": "4.3.0",
      "resolved": "https://registry.npmjs.org/@nlpjs/nlu/-/nlu-4.3.0.tgz",
      "integrity": "sha512-jGg5xWQP4EqZxo4IAaLxdKSI9ZVVn/LlqDe+C/XFa4H2XsE4AkxXY9E4/unV72YiRrwWqytGwc3fe1TvgkicyQ==",
      "requires": {
        "@nlpjs/core": "^4.3.0",
        "@nlpjs/language-min": "^4.3.0",
        "@nlpjs/neural": "^4.3.0",
        "@nlpjs/similarity": "^4.0.0-rc.4"
      }
    },
    "@nlpjs/request": {
      "version": "4.3.0",
      "resolved": "https://registry.npmjs.org/@nlpjs/request/-/request-4.3.0.tgz",
      "integrity": "sha512-mIz1S7EZfOPRQeFUxKPF+Fs0HrkV75thQ2FDxQQTNJdZ5OIEw2v0JlFSY4olntJLzeBejIJPF6vtytj+rM0WNw==",
      "requires": {
        "https-proxy-agent": "^3.0.1"
      }
    },
    "@nlpjs/sentiment": {
      "version": "4.3.0",
      "resolved": "https://registry.npmjs.org/@nlpjs/sentiment/-/sentiment-4.3.0.tgz",
      "integrity": "sha512-IZPxD+LwJYhsVeC+NMECsVQODX5sSv/jPAoSbzbdKt1cMwUOcVqZ71rPJlRbn/Rtyk+btNM9FsNGpmX3eZFNTA==",
      "requires": {
        "@nlpjs/core": "^4.3.0",
        "@nlpjs/language-min": "^4.3.0",
        "@nlpjs/neural": "^4.3.0"
      }
    },
    "@nlpjs/similarity": {
      "version": "4.0.0-rc.4",
      "resolved": "https://registry.npmjs.org/@nlpjs/similarity/-/similarity-4.0.0-rc.4.tgz",
      "integrity": "sha512-S5zC6JbISyLtZkLF86qU5T4X5kolibvmY7DCHQICsWsu/P7xDQEQ9whRCM4NO3bypnvQefRsljsAGCCC462eWw=="
    },
    "@nlpjs/slot": {
      "version": "4.3.0",
      "resolved": "https://registry.npmjs.org/@nlpjs/slot/-/slot-4.3.0.tgz",
      "integrity": "sha512-uicsKVXsp+8FqYN+vtPV2iQzjndvKuyu7yeFL/O209fg/Q1tgghbV+rCPc/vciwHCGXUQ36HCIhGqDDj5LFW+w=="
    },
    "@nlpjs/xtables": {
      "version": "4.3.0",
      "resolved": "https://registry.npmjs.org/@nlpjs/xtables/-/xtables-4.3.0.tgz",
      "integrity": "sha512-b6ICyNsi2KLn/raE6kX/Of9jPojc5QHw2jNoPCU6uNhd30Sp7qjUQmyVTzB4MqBuijjf8HFlx7E1biJERbc4Sg==",
      "requires": {
        "xlsx": "^0.15.1"
      }
    },
    "adler-32": {
      "version": "1.2.0",
      "resolved": "https://registry.npmjs.org/adler-32/-/adler-32-1.2.0.tgz",
      "integrity": "sha1-aj5r8KY5ALoVZSgIyxXGgT0aXyU=",
      "requires": {
        "exit-on-epipe": "~1.0.1",
        "printj": "~1.1.0"
      }
    },
    "agent-base": {
      "version": "4.3.0",
      "resolved": "https://registry.npmjs.org/agent-base/-/agent-base-4.3.0.tgz",
      "integrity": "sha512-salcGninV0nPrwpGNn4VTXBb1SOuXQBiqbrNXoeizJsHrsL6ERFM2Ne3JUSBWRE6aeNJI2ROP/WEEIDUiDe3cg==",
      "requires": {
        "es6-promisify": "^5.0.0"
      }
    },
    "assertion-error": {
      "version": "1.1.0",
      "resolved": "https://registry.npmjs.org/assertion-error/-/assertion-error-1.1.0.tgz",
      "integrity": "sha512-jgsaNduz+ndvGyFt3uSuWqvy4lCnIJiovtouQN5JZHOKCS2QuhEdbcQHFhVksz2N2U9hXJo8odG7ETyWlEeuDw=="
    },
    "async": {
      "version": "2.6.3",
      "resolved": "https://registry.npmjs.org/async/-/async-2.6.3.tgz",
      "integrity": "sha512-zflvls11DCy+dQWzTW2dzuilv8Z5X/pjfmZOWba6TNIVDm+2UDaJmXSOXlasHKfNBs8oo3M0aT50fDEWfKZjXg==",
      "requires": {
        "lodash": "^4.17.14"
      }
    },
    "aws-sdk": {
      "version": "2.656.0",
      "resolved": "https://registry.npmjs.org/aws-sdk/-/aws-sdk-2.656.0.tgz",
      "integrity": "sha512-UzqDvvt6i7gpuzEdK0GT/JOfBJcsCPranzZWdQ9HR4+5E0m5kf5gybZ6OX+UseIAE2/WND6Dv0aHgiI21AKenw==",
      "requires": {
        "buffer": "4.9.1",
        "events": "1.1.1",
        "ieee754": "1.1.13",
        "jmespath": "0.15.0",
        "querystring": "0.2.0",
        "sax": "1.2.1",
        "url": "0.10.3",
        "uuid": "3.3.2",
        "xml2js": "0.4.19"
      }
    },
    "base64-js": {
      "version": "1.3.1",
      "resolved": "https://registry.npmjs.org/base64-js/-/base64-js-1.3.1.tgz",
      "integrity": "sha512-mLQ4i2QO1ytvGWFWmcngKO//JXAQueZvwEKtjgQFM4jIK0kU+ytMfplL8j+n5mspOfjHwoAg+9yhb7BwAHm36g=="
    },
    "bignumber.js": {
      "version": "7.2.1",
      "resolved": "https://registry.npmjs.org/bignumber.js/-/bignumber.js-7.2.1.tgz",
      "integrity": "sha512-S4XzBk5sMB+Rcb/LNcpzXr57VRTxgAvaAEDAl1AwRx27j00hT84O6OkteE7u8UB3NuaaygCRrEpqox4uDOrbdQ=="
    },
    "buffer": {
      "version": "4.9.1",
      "resolved": "https://registry.npmjs.org/buffer/-/buffer-4.9.1.tgz",
      "integrity": "sha1-bRu2AbB6TvztlwlBMgkwJ8lbwpg=",
      "requires": {
        "base64-js": "^1.0.2",
        "ieee754": "^1.1.4",
        "isarray": "^1.0.0"
      }
    },
    "cfb": {
      "version": "1.1.4",
      "resolved": "https://registry.npmjs.org/cfb/-/cfb-1.1.4.tgz",
      "integrity": "sha512-rwFkl3aFO3f+ljR27YINwC0x8vPjyiEVbYbrTCKzspEf7Q++3THdfHVgJYNUbxNcupJECrLX+L40Mjm9hm/Bgw==",
      "requires": {
        "adler-32": "~1.2.0",
        "commander": "^2.16.0",
        "crc-32": "~1.2.0",
        "printj": "~1.1.2"
      }
    },
    "chai": {
      "version": "4.2.0",
      "resolved": "https://registry.npmjs.org/chai/-/chai-4.2.0.tgz",
      "integrity": "sha512-XQU3bhBukrOsQCuwZndwGcCVQHyZi53fQ6Ys1Fym7E4olpIqqZZhhoFJoaKVvV17lWQoXYwgWN2nF5crA8J2jw==",
      "requires": {
        "assertion-error": "^1.1.0",
        "check-error": "^1.0.2",
        "deep-eql": "^3.0.1",
        "get-func-name": "^2.0.0",
        "pathval": "^1.1.0",
        "type-detect": "^4.0.5"
      }
    },
    "check-error": {
      "version": "1.0.2",
      "resolved": "https://registry.npmjs.org/check-error/-/check-error-1.0.2.tgz",
      "integrity": "sha1-V00xLt2Iu13YkS6Sht1sCu1KrII="
    },
    "codepage": {
      "version": "1.14.0",
      "resolved": "https://registry.npmjs.org/codepage/-/codepage-1.14.0.tgz",
      "integrity": "sha1-jL4lSBMjVZ19MHVxsP/5HnodL5k=",
      "requires": {
        "commander": "~2.14.1",
        "exit-on-epipe": "~1.0.1"
      },
      "dependencies": {
        "commander": {
          "version": "2.14.1",
          "resolved": "https://registry.npmjs.org/commander/-/commander-2.14.1.tgz",
          "integrity": "sha512-+YR16o3rK53SmWHU3rEM3tPAh2rwb1yPcQX5irVn7mb0gXbwuCCrnkbV5+PBfETdfg1vui07nM6PCG1zndcjQw=="
        }
      }
    },
    "commander": {
      "version": "2.17.1",
      "resolved": "https://registry.npmjs.org/commander/-/commander-2.17.1.tgz",
      "integrity": "sha512-wPMUt6FnH2yzG95SA6mzjQOEKUU3aLaDEmzs1ti+1E9h+CsrZghRlqEM/EJ4KscsQVG8uNN4uVreUeT8+drlgg=="
    },
    "crc-32": {
      "version": "1.2.0",
      "resolved": "https://registry.npmjs.org/crc-32/-/crc-32-1.2.0.tgz",
      "integrity": "sha512-1uBwHxF+Y/4yF5G48fwnKq6QsIXheor3ZLPT80yGBV1oEUwpPojlEhQbWKVw1VwcTQyMGHK1/XMmTjmlsmTTGA==",
      "requires": {
        "exit-on-epipe": "~1.0.1",
        "printj": "~1.1.0"
      }
    },
    "debug": {
      "version": "3.2.6",
      "resolved": "https://registry.npmjs.org/debug/-/debug-3.2.6.tgz",
      "integrity": "sha512-mel+jf7nrtEl5Pn1Qx46zARXKDpBbvzezse7p7LqINmdoIk8PYP5SySaxEmYv6TZ0JyEKA1hsCId6DIhgITtWQ==",
      "requires": {
        "ms": "^2.1.1"
      }
    },
    "deep-eql": {
      "version": "3.0.1",
      "resolved": "https://registry.npmjs.org/deep-eql/-/deep-eql-3.0.1.tgz",
      "integrity": "sha512-+QeIQyN5ZuO+3Uk5DYh6/1eKO0m0YmJFGNmFHGACpf1ClL1nmlV/p4gNgbl2pJGxgXb4faqo6UE+M5ACEMyVcw==",
      "requires": {
        "type-detect": "^4.0.0"
      }
    },
    "deep-is": {
      "version": "0.1.3",
      "resolved": "https://registry.npmjs.org/deep-is/-/deep-is-0.1.3.tgz",
      "integrity": "sha1-s2nW+128E+7PUk+RsHD+7cNXzzQ="
    },
    "doublearray": {
      "version": "0.0.2",
      "resolved": "https://registry.npmjs.org/doublearray/-/doublearray-0.0.2.tgz",
      "integrity": "sha1-Yxhv6NNEEydtNiH2qg7F954ifvk="
    },
    "es6-promise": {
      "version": "4.2.8",
      "resolved": "https://registry.npmjs.org/es6-promise/-/es6-promise-4.2.8.tgz",
      "integrity": "sha512-HJDGx5daxeIvxdBxvG2cb9g4tEvwIk3i8+nhX0yGrYmZUzbkdg8QbDevheDB8gd0//uPj4c1EQua8Q+MViT0/w=="
    },
    "es6-promisify": {
      "version": "5.0.0",
      "resolved": "https://registry.npmjs.org/es6-promisify/-/es6-promisify-5.0.0.tgz",
      "integrity": "sha1-UQnWLz5W6pZ8S2NQWu8IKRyKUgM=",
      "requires": {
        "es6-promise": "^4.0.3"
      }
    },
    "escodegen": {
      "version": "1.14.1",
      "resolved": "https://registry.npmjs.org/escodegen/-/escodegen-1.14.1.tgz",
      "integrity": "sha512-Bmt7NcRySdIfNPfU2ZoXDrrXsG9ZjvDxcAlMfDUgRBjLOWTuIACXPBFJH7Z+cLb40JeQco5toikyc9t9P8E9SQ==",
      "requires": {
        "esprima": "^4.0.1",
        "estraverse": "^4.2.0",
        "esutils": "^2.0.2",
        "optionator": "^0.8.1",
        "source-map": "~0.6.1"
      }
    },
    "esprima": {
      "version": "4.0.1",
      "resolved": "https://registry.npmjs.org/esprima/-/esprima-4.0.1.tgz",
      "integrity": "sha512-eGuFFw7Upda+g4p+QHvnW0RyTX/SVeJBDM/gCtMARO0cLuT2HcEKnTPvhjV6aGeqrCB/sbNop0Kszm0jsaWU4A=="
    },
    "estraverse": {
      "version": "4.3.0",
      "resolved": "https://registry.npmjs.org/estraverse/-/estraverse-4.3.0.tgz",
      "integrity": "sha512-39nnKffWz8xN1BU/2c79n9nB9HDzo0niYUqx6xyqUnyoAnQyyWpOTdZEeiCch8BBu515t4wp9ZmgVfVhn9EBpw=="
    },
    "esutils": {
      "version": "2.0.3",
      "resolved": "https://registry.npmjs.org/esutils/-/esutils-2.0.3.tgz",
      "integrity": "sha512-kVscqXk4OCp68SZ0dkgEKVi6/8ij300KBWTJq32P/dYeWTSwK41WyTxalN1eRmA5Z9UU/LX9D7FWSmV9SAYx6g=="
    },
    "events": {
      "version": "1.1.1",
      "resolved": "https://registry.npmjs.org/events/-/events-1.1.1.tgz",
      "integrity": "sha1-nr23Y1rQmccNzEwqH1AEKI6L2SQ="
    },
    "exit-on-epipe": {
      "version": "1.0.1",
      "resolved": "https://registry.npmjs.org/exit-on-epipe/-/exit-on-epipe-1.0.1.tgz",
      "integrity": "sha512-h2z5mrROTxce56S+pnvAV890uu7ls7f1kEvVGJbw1OlFH3/mlJ5bkXu0KRyW94v37zzHPiUd55iLn3DA7TjWpw=="
    },
    "fast-levenshtein": {
      "version": "2.0.6",
      "resolved": "https://registry.npmjs.org/fast-levenshtein/-/fast-levenshtein-2.0.6.tgz",
      "integrity": "sha1-PYpcZog6FqMMqGQ+hR8Zuqd5eRc="
    },
    "frac": {
      "version": "1.1.2",
      "resolved": "https://registry.npmjs.org/frac/-/frac-1.1.2.tgz",
      "integrity": "sha512-w/XBfkibaTl3YDqASwfDUqkna4Z2p9cFSr1aHDt0WoMTECnRfBOv2WArlZILlqgWlmdIlALXGpM2AOhEk5W3IA=="
    },
    "get-func-name": {
      "version": "2.0.0",
      "resolved": "https://registry.npmjs.org/get-func-name/-/get-func-name-2.0.0.tgz",
      "integrity": "sha1-6td0q+5y4gQJQzoGY2YCPdaIekE="
    },
    "grapheme-splitter": {
      "version": "1.0.4",
      "resolved": "https://registry.npmjs.org/grapheme-splitter/-/grapheme-splitter-1.0.4.tgz",
      "integrity": "sha512-bzh50DW9kTPM00T8y4o8vQg89Di9oLJVLW/KaOGIXJWP/iqCN6WKYkbNOF04vFLJhwcpYUh9ydh/+5vpOqV4YQ=="
    },
    "https-proxy-agent": {
      "version": "3.0.1",
      "resolved": "https://registry.npmjs.org/https-proxy-agent/-/https-proxy-agent-3.0.1.tgz",
      "integrity": "sha512-+ML2Rbh6DAuee7d07tYGEKOEi2voWPUGan+ExdPbPW6Z3svq+JCqr0v8WmKPOkz1vOVykPCBSuobe7G8GJUtVg==",
      "requires": {
        "agent-base": "^4.3.0",
        "debug": "^3.1.0"
      }
    },
    "ieee754": {
      "version": "1.1.13",
      "resolved": "https://registry.npmjs.org/ieee754/-/ieee754-1.1.13.tgz",
      "integrity": "sha512-4vf7I2LYV/HaWerSo3XmlMkp5eZ83i+/CDluXi/IGTs/O1sejBNhTtnxzmRZfvOUqj7lZjqHkeTvpgSFDlWZTg=="
    },
    "isarray": {
      "version": "1.0.0",
      "resolved": "https://registry.npmjs.org/isarray/-/isarray-1.0.0.tgz",
      "integrity": "sha1-u5NdSFgsuhaMBoNJV6VKPgcSTxE="
    },
    "jmespath": {
      "version": "0.15.0",
      "resolved": "https://registry.npmjs.org/jmespath/-/jmespath-0.15.0.tgz",
      "integrity": "sha1-o/Iiqarp+Wb10nx5ZRDigJF2Qhc="
    },
    "kuromoji": {
      "version": "0.1.2",
      "resolved": "https://registry.npmjs.org/kuromoji/-/kuromoji-0.1.2.tgz",
      "integrity": "sha512-V0dUf+C2LpcPEXhoHLMAop/bOht16Dyr+mDiIE39yX3vqau7p80De/koFqpiTcL1zzdZlc3xuHZ8u5gjYRfFaQ==",
      "requires": {
        "async": "^2.0.1",
        "doublearray": "0.0.2",
        "zlibjs": "^0.3.1"
      }
    },
    "levn": {
      "version": "0.3.0",
      "resolved": "https://registry.npmjs.org/levn/-/levn-0.3.0.tgz",
      "integrity": "sha1-OwmSTt+fCDwEkP3UwLxEIeBHZO4=",
      "requires": {
        "prelude-ls": "~1.1.2",
        "type-check": "~0.3.2"
      }
    },
    "lodash": {
      "version": "4.17.15",
      "resolved": "https://registry.npmjs.org/lodash/-/lodash-4.17.15.tgz",
      "integrity": "sha512-8xOcRHvCjnocdS5cpwXQXVzmmh5e5+saE2QGoeQmbKmRS6J3VQppPOIt0MnmE+4xlZoumy0GPG0D0MVIQbNA1A=="
    },
    "lodash.escaperegexp": {
      "version": "4.1.2",
      "resolved": "https://registry.npmjs.org/lodash.escaperegexp/-/lodash.escaperegexp-4.1.2.tgz",
      "integrity": "sha1-ZHYsSGGAglGKw99Mz11YhtriA0c="
    },
    "lodash.isequal": {
      "version": "4.5.0",
      "resolved": "https://registry.npmjs.org/lodash.isequal/-/lodash.isequal-4.5.0.tgz",
      "integrity": "sha1-QVxEePK8wwEgwizhDtMib30+GOA="
    },
    "lodash.last": {
      "version": "3.0.0",
      "resolved": "https://registry.npmjs.org/lodash.last/-/lodash.last-3.0.0.tgz",
      "integrity": "sha1-JC9mMRLdTG5jcoxgo8kJ0b2tvUw="
    },
    "lodash.max": {
      "version": "4.0.1",
      "resolved": "https://registry.npmjs.org/lodash.max/-/lodash.max-4.0.1.tgz",
      "integrity": "sha1-hzVWbGGLNan3YFILSHrnllivE2o="
    },
    "lodash.sortby": {
      "version": "4.7.0",
      "resolved": "https://registry.npmjs.org/lodash.sortby/-/lodash.sortby-4.7.0.tgz",
      "integrity": "sha1-7dFMgk4sycHgsKG0K7UhBRakJDg="
    },
    "lodash.tonumber": {
      "version": "4.0.3",
      "resolved": "https://registry.npmjs.org/lodash.tonumber/-/lodash.tonumber-4.0.3.tgz",
      "integrity": "sha1-C5azGzVnJ5Prf1pj7nkfG56QJdk="
    },
    "lodash.trimend": {
      "version": "4.5.1",
      "resolved": "https://registry.npmjs.org/lodash.trimend/-/lodash.trimend-4.5.1.tgz",
      "integrity": "sha1-EoBENyhrmMrYmWt5QU4RMAEUCC8="
    },
    "ms": {
      "version": "2.1.2",
      "resolved": "https://registry.npmjs.org/ms/-/ms-2.1.2.tgz",
      "integrity": "sha512-sGkPx+VjMtmA6MX27oA4FBFELFCZZ4S4XqeGOXCv68tT+jb3vk/RyaKWP0PTKyWtmLSM0b+adUTEvbs1PEaH2w=="
    },
    "node-nlp": {
      "version": "4.3.0",
      "resolved": "https://registry.npmjs.org/node-nlp/-/node-nlp-4.3.0.tgz",
      "integrity": "sha512-iC+ENdyYt1i1SQvAGIBsq/9F8H+i1Dyn5jFeSwNH99uQ0ZhW0voaDZSiqh5QvucMzJgTOvfmNWSnCmDqUZpKEA==",
      "requires": {
        "@nlpjs/builtin-duckling": "^4.3.0",
        "@nlpjs/builtin-microsoft": "^4.3.0",
        "@nlpjs/core-loader": "^4.3.0",
        "@nlpjs/emoji": "^4.3.0",
        "@nlpjs/evaluator": "^4.3.0",
        "@nlpjs/lang-all": "^4.3.0",
        "@nlpjs/language": "^4.3.0",
        "@nlpjs/neural": "^4.3.0",
        "@nlpjs/nlg": "^4.3.0",
        "@nlpjs/nlp": "^4.3.0",
        "@nlpjs/nlu": "^4.3.0",
        "@nlpjs/request": "^4.3.0",
        "@nlpjs/sentiment": "^4.3.0",
        "@nlpjs/similarity": "^4.0.0-rc.4",
        "@nlpjs/xtables": "^4.3.0"
      }
    },
    "optionator": {
      "version": "0.8.3",
      "resolved": "https://registry.npmjs.org/optionator/-/optionator-0.8.3.tgz",
      "integrity": "sha512-+IW9pACdk3XWmmTXG8m3upGUJst5XRGzxMRjXzAuJ1XnIFNvfhjjIuYkDvysnPQ7qzqVzLt78BCruntqRhWQbA==",
      "requires": {
        "deep-is": "~0.1.3",
        "fast-levenshtein": "~2.0.6",
        "levn": "~0.3.0",
        "prelude-ls": "~1.1.2",
        "type-check": "~0.3.2",
        "word-wrap": "~1.2.3"
      }
    },
    "pathval": {
      "version": "1.1.0",
      "resolved": "https://registry.npmjs.org/pathval/-/pathval-1.1.0.tgz",
      "integrity": "sha1-uULm1L3mUwBe9rcTYd74cn0GReA="
    },
    "prelude-ls": {
      "version": "1.1.2",
      "resolved": "https://registry.npmjs.org/prelude-ls/-/prelude-ls-1.1.2.tgz",
      "integrity": "sha1-IZMqVJ9eUv/ZqCf1cOBL5iqX2lQ="
    },
    "printj": {
      "version": "1.1.2",
      "resolved": "https://registry.npmjs.org/printj/-/printj-1.1.2.tgz",
      "integrity": "sha512-zA2SmoLaxZyArQTOPj5LXecR+RagfPSU5Kw1qP+jkWeNlrq+eJZyY2oS68SU1Z/7/myXM4lo9716laOFAVStCQ=="
    },
    "punycode": {
      "version": "1.3.2",
      "resolved": "https://registry.npmjs.org/punycode/-/punycode-1.3.2.tgz",
      "integrity": "sha1-llOgNvt8HuQjQvIyXM7v6jkmxI0="
    },
    "querystring": {
      "version": "0.2.0",
      "resolved": "https://registry.npmjs.org/querystring/-/querystring-0.2.0.tgz",
      "integrity": "sha1-sgmEkgO7Jd+CDadW50cAWHhSFiA="
    },
    "sax": {
      "version": "1.2.1",
      "resolved": "https://registry.npmjs.org/sax/-/sax-1.2.1.tgz",
      "integrity": "sha1-e45lYZCyKOgaZq6nSEgNgozS03o="
    },
    "source-map": {
      "version": "0.6.1",
      "resolved": "https://registry.npmjs.org/source-map/-/source-map-0.6.1.tgz",
      "integrity": "sha512-UjgapumWlbMhkBgzT7Ykc5YXUT46F0iKu8SGXq0bcwP5dz/h0Plj6enJqjz1Zbq2l5WaqYnrVbwWOWMyF3F47g==",
      "optional": true
    },
    "ssf": {
      "version": "0.10.3",
      "resolved": "https://registry.npmjs.org/ssf/-/ssf-0.10.3.tgz",
      "integrity": "sha512-pRuUdW0WwyB2doSqqjWyzwCD6PkfxpHAHdZp39K3dp/Hq7f+xfMwNAWIi16DyrRg4gg9c/RvLYkJTSawTPTm1w==",
      "requires": {
        "frac": "~1.1.2"
      }
    },
    "type-check": {
      "version": "0.3.2",
      "resolved": "https://registry.npmjs.org/type-check/-/type-check-0.3.2.tgz",
      "integrity": "sha1-WITKtRLPHTVeP7eE8wgEsrUg23I=",
      "requires": {
        "prelude-ls": "~1.1.2"
      }
    },
    "type-detect": {
      "version": "4.0.8",
      "resolved": "https://registry.npmjs.org/type-detect/-/type-detect-4.0.8.tgz",
      "integrity": "sha512-0fr/mIH1dlO+x7TlcMy+bIDqKPsw/70tVyeHW787goQjhmqaZe10uwLujubK9q9Lg6Fiho1KUKDYz0Z7k7g5/g=="
    },
    "url": {
      "version": "0.10.3",
      "resolved": "https://registry.npmjs.org/url/-/url-0.10.3.tgz",
      "integrity": "sha1-Ah5NnHcF8hu/N9A861h2dAJ3TGQ=",
      "requires": {
        "punycode": "1.3.2",
        "querystring": "0.2.0"
      }
    },
    "uuid": {
      "version": "3.3.2",
      "resolved": "https://registry.npmjs.org/uuid/-/uuid-3.3.2.tgz",
      "integrity": "sha512-yXJmeNaw3DnnKAOKJE51sL/ZaYfWJRl1pK9dr19YFCu0ObS231AB1/LbqTKRAQ5kw8A90rA6fr4riOUpTZvQZA=="
    },
    "wmf": {
      "version": "1.0.2",
      "resolved": "https://registry.npmjs.org/wmf/-/wmf-1.0.2.tgz",
      "integrity": "sha512-/p9K7bEh0Dj6WbXg4JG0xvLQmIadrner1bi45VMJTfnbVHsc7yIajZyoSoK60/dtVBs12Fm6WkUI5/3WAVsNMw=="
    },
    "word-wrap": {
      "version": "1.2.3",
      "resolved": "https://registry.npmjs.org/word-wrap/-/word-wrap-1.2.3.tgz",
      "integrity": "sha512-Hz/mrNwitNRh/HUAtM/VT/5VH+ygD6DV7mYKZAtHOrbs8U7lvPS6xf7EJKMF0uW1KJCl0H701g3ZGus+muE5vQ=="
    },
    "xlsx": {
      "version": "0.15.6",
      "resolved": "https://registry.npmjs.org/xlsx/-/xlsx-0.15.6.tgz",
      "integrity": "sha512-7vD9eutyLs65iDjNFimVN+gk/oDkfkCgpQUjdE82QgzJCrBHC4bGPH7fzKVyy0UPp3gyFVQTQEFJaWaAvZCShQ==",
      "requires": {
        "adler-32": "~1.2.0",
        "cfb": "^1.1.4",
        "codepage": "~1.14.0",
        "commander": "~2.17.1",
        "crc-32": "~1.2.0",
        "exit-on-epipe": "~1.0.1",
        "ssf": "~0.10.3",
        "wmf": "~1.0.1"
      }
    },
    "xml2js": {
      "version": "0.4.19",
      "resolved": "https://registry.npmjs.org/xml2js/-/xml2js-0.4.19.tgz",
      "integrity": "sha512-esZnJZJOiJR9wWKMyuvSE1y6Dq5LCuJanqhxslH2bxM6duahNZ+HMpCLhBQGZkbX6xRf8x1Y2eJlgt2q3qo49Q==",
      "requires": {
        "sax": ">=0.6.0",
        "xmlbuilder": "~9.0.1"
      }
    },
    "xmlbuilder": {
      "version": "9.0.7",
      "resolved": "https://registry.npmjs.org/xmlbuilder/-/xmlbuilder-9.0.7.tgz",
      "integrity": "sha1-Ey7mPS7FVlxVfiD0wi35rKaGsQ0="
    },
    "zlibjs": {
      "version": "0.3.1",
      "resolved": "https://registry.npmjs.org/zlibjs/-/zlibjs-0.3.1.tgz",
      "integrity": "sha1-UBl+2yihxCymWcyLTmqd3W1ERVQ="
    }
  }
}
