{
	"name": "@nlpjs/msbf-connector",
	"version": "4.0.0-rc.16",
	"lockfileVersion": 1,
	"requires": true,
	"dependencies": {
		"@azure/ms-rest-js": {
			"version": "1.2.6",
			"resolved": "https://registry.npmjs.org/@azure/ms-rest-js/-/ms-rest-js-1.2.6.tgz",
			"integrity": "sha512-8cmDpxsQjVdveJwYKtNnkJorxEORLYJu9UHaUvLZA6yHExzDeISHAcSVWE0J05+VkJtqheVHF17M+2ro18Cdnw==",
			"requires": {
				"axios": "^0.18.0",
				"form-data": "^2.3.2",
				"tough-cookie": "^2.4.3",
				"tslib": "^1.9.2",
				"uuid": "^3.2.1",
				"xml2js": "^0.4.19"
			},
			"dependencies": {
				"axios": {
					"version": "0.18.1",
					"resolved": "https://registry.npmjs.org/axios/-/axios-0.18.1.tgz",
					"integrity": "sha512-0BfJq4NSfQXd+SkFdrvFbG7addhYSBA2mQwISr46pD6E5iqkWg02RAs8vyTT/j0RTnoYmeXauBuSv1qKwR179g==",
					"requires": {
						"follow-redirects": "1.5.10",
						"is-buffer": "^2.0.2"
					}
				}
			}
		},
		"@types/jsonwebtoken": {
			"version": "7.2.8",
			"resolved": "https://registry.npmjs.org/@types/jsonwebtoken/-/jsonwebtoken-7.2.8.tgz",
			"integrity": "sha512-XENN3YzEB8D6TiUww0O8SRznzy1v+77lH7UmuN54xq/IHIsyWjWOzZuFFTtoiRuaE782uAoRwBe/wwow+vQXZw==",
			"requires": {
				"@types/node": "*"
			}
		},
		"@types/node": {
			"version": "10.17.9",
			"resolved": "https://registry.npmjs.org/@types/node/-/node-10.17.9.tgz",
			"integrity": "sha512-+6VygF9LbG7Gaqeog2G7u1+RUcmo0q1rI+2ZxdIg2fAUngk5Vz9fOCHXdloNUOHEPd1EuuOpL5O0CdgN9Fx5UQ=="
		},
		"@types/ws": {
			"version": "6.0.4",
			"resolved": "https://registry.npmjs.org/@types/ws/-/ws-6.0.4.tgz",
			"integrity": "sha512-PpPrX7SZW9re6+Ha8ojZG4Se8AZXgf0GK6zmfqEuCsY49LFDNXO3SByp44X3dFEqtB73lkCDAdUazhAjVPiNwg==",
			"requires": {
				"@types/node": "*"
			}
		},
		"adal-node": {
			"version": "0.2.1",
			"resolved": "https://registry.npmjs.org/adal-node/-/adal-node-0.2.1.tgz",
			"integrity": "sha512-C/oasZuTy0NIqh5wPWjG/09XaG+zS7elC8upf1ZVExt9lSRncme4Ejbx8CKYk+wsGgj609y84txtRAXQVvqApg==",
			"requires": {
				"@types/node": "^8.0.47",
				"async": "^2.6.3",
				"date-utils": "*",
				"jws": "3.x.x",
				"request": "^2.88.0",
				"underscore": ">= 1.3.1",
				"uuid": "^3.1.0",
				"xmldom": ">= 0.1.x",
				"xpath.js": "~1.1.0"
			},
			"dependencies": {
				"@types/node": {
					"version": "8.10.59",
					"resolved": "https://registry.npmjs.org/@types/node/-/node-8.10.59.tgz",
					"integrity": "sha512-8RkBivJrDCyPpBXhVZcjh7cQxVBSmRk9QM7hOketZzp6Tg79c0N8kkpAIito9bnJ3HCVCHVYz+KHTEbfQNfeVQ=="
				}
			}
		},
		"ajv": {
			"version": "6.10.2",
			"resolved": "https://registry.npmjs.org/ajv/-/ajv-6.10.2.tgz",
			"integrity": "sha512-TXtUUEYHuaTEbLZWIKUr5pmBuhDLy+8KYtPYdcV8qC+pOZL+NKqYwvWSRrVXHn+ZmRRAu8vJTAznH7Oag6RVRw==",
			"requires": {
				"fast-deep-equal": "^2.0.1",
				"fast-json-stable-stringify": "^2.0.0",
				"json-schema-traverse": "^0.4.1",
				"uri-js": "^4.2.2"
			}
		},
		"asn1": {
			"version": "0.2.4",
			"resolved": "https://registry.npmjs.org/asn1/-/asn1-0.2.4.tgz",
			"integrity": "sha512-jxwzQpLQjSmWXgwaCZE9Nz+glAG01yF1QnWgbhGwHI5A6FRIEY6IVqtHhIepHqI7/kyEyQEagBC5mBEFlIYvdg==",
			"requires": {
				"safer-buffer": "~2.1.0"
			}
		},
		"assert": {
			"version": "1.5.0",
			"resolved": "https://registry.npmjs.org/assert/-/assert-1.5.0.tgz",
			"integrity": "sha512-EDsgawzwoun2CZkCgtxJbv392v4nbk9XDD06zI+kQYoBM/3RBWLlEyJARDOmhAAosBjWACEkKL6S+lIZtcAubA==",
			"requires": {
				"object-assign": "^4.1.1",
				"util": "0.10.3"
			}
		},
		"assert-plus": {
			"version": "1.0.0",
			"resolved": "https://registry.npmjs.org/assert-plus/-/assert-plus-1.0.0.tgz",
			"integrity": "sha1-8S4PPF13sLHN2RRpQuTpbB5N1SU="
		},
		"async": {
			"version": "2.6.3",
			"resolved": "https://registry.npmjs.org/async/-/async-2.6.3.tgz",
			"integrity": "sha512-zflvls11DCy+dQWzTW2dzuilv8Z5X/pjfmZOWba6TNIVDm+2UDaJmXSOXlasHKfNBs8oo3M0aT50fDEWfKZjXg==",
			"requires": {
				"lodash": "^4.17.14"
			}
		},
		"async-limiter": {
			"version": "1.0.1",
			"resolved": "https://registry.npmjs.org/async-limiter/-/async-limiter-1.0.1.tgz",
			"integrity": "sha512-csOlWGAcRFJaI6m+F2WKdnMKr4HhdhFVBk0H/QbJFMCr+uO2kwohwXQPxw/9OCxp05r5ghVBFSyioixx3gfkNQ=="
		},
		"asynckit": {
			"version": "0.4.0",
			"resolved": "https://registry.npmjs.org/asynckit/-/asynckit-0.4.0.tgz",
			"integrity": "sha1-x57Zf380y48robyXkLzDZkdLS3k="
		},
		"aws-sign2": {
			"version": "0.7.0",
			"resolved": "https://registry.npmjs.org/aws-sign2/-/aws-sign2-0.7.0.tgz",
			"integrity": "sha1-tG6JCTSpWR8tL2+G1+ap8bP+dqg="
		},
		"aws4": {
			"version": "1.9.0",
			"resolved": "https://registry.npmjs.org/aws4/-/aws4-1.9.0.tgz",
			"integrity": "sha512-Uvq6hVe90D0B2WEnUqtdgY1bATGz3mw33nH9Y+dmA+w5DHvUmBgkr5rM/KCHpCsiFNRUfokW/szpPPgMK2hm4A=="
		},
		"axios": {
			"version": "0.19.0",
			"resolved": "https://registry.npmjs.org/axios/-/axios-0.19.0.tgz",
			"integrity": "sha512-1uvKqKQta3KBxIz14F2v06AEHZ/dIoeKfbTRkK1E5oqjDnuEerLmYTgJB5AiQZHJcljpg1TuRzdjDR06qNk0DQ==",
			"requires": {
				"follow-redirects": "1.5.10",
				"is-buffer": "^2.0.2"
			}
		},
		"base64url": {
			"version": "3.0.1",
			"resolved": "https://registry.npmjs.org/base64url/-/base64url-3.0.1.tgz",
			"integrity": "sha512-ir1UPr3dkwexU7FdV8qBBbNDRUhMmIekYMFZfi+C/sLNnRESKPl23nB9b2pltqfOQNnGzsDdId90AEtG5tCx4A=="
		},
		"bcrypt-pbkdf": {
			"version": "1.0.2",
			"resolved": "https://registry.npmjs.org/bcrypt-pbkdf/-/bcrypt-pbkdf-1.0.2.tgz",
			"integrity": "sha1-pDAdOJtqQ/m2f/PKEaP2Y342Dp4=",
			"requires": {
				"tweetnacl": "^0.14.3"
			}
		},
		"botbuilder": {
			"version": "4.7.0",
			"resolved": "https://registry.npmjs.org/botbuilder/-/botbuilder-4.7.0.tgz",
			"integrity": "sha512-jnqAptkmUhhE3Pd6Npo2ZZ+n4XG9RGGs3YIkyj5o4C3/gkW6lUTa+opGii4QJDLL3H4wlpDygf7TWEv21pLu7g==",
			"requires": {
				"@azure/ms-rest-js": "1.2.6",
				"@types/node": "^10.12.18",
				"axios": "^0.19.0",
				"botbuilder-core": "4.7.0",
				"botframework-connector": "4.7.0",
				"botframework-streaming": "4.7.0",
				"filenamify": "^4.1.0",
				"fs-extra": "^7.0.1"
			}
		},
		"botbuilder-core": {
			"version": "4.7.0",
			"resolved": "https://registry.npmjs.org/botbuilder-core/-/botbuilder-core-4.7.0.tgz",
			"integrity": "sha512-Wukm9Ui5hLWQpjgZQUnGruN0yx+aC9HjIpCEDdcmsLOZ3hXN9YW9NqLbvzfjP43h8BywqFWQt+q3qSI/1aP86Q==",
			"requires": {
				"assert": "^1.4.1",
				"botframework-schema": "4.7.0"
			}
		},
		"botframework-connector": {
			"version": "4.7.0",
			"resolved": "https://registry.npmjs.org/botframework-connector/-/botframework-connector-4.7.0.tgz",
			"integrity": "sha512-t+VfVWjumS5uvLIO7dz+oDTNOq6VenXHpue66U6z/kgzu5HDFVitR1TI762FfmIegDGBcRgPOG3W/XUR3JHtPA==",
			"requires": {
				"@azure/ms-rest-js": "1.2.6",
				"@types/jsonwebtoken": "7.2.8",
				"@types/node": "^10.12.18",
				"adal-node": "0.2.1",
				"base64url": "^3.0.0",
				"botframework-schema": "4.7.0",
				"form-data": "^2.3.3",
				"jsonwebtoken": "8.0.1",
				"node-fetch": "^2.2.1",
				"rsa-pem-from-mod-exp": "^0.8.4"
			}
		},
		"botframework-schema": {
			"version": "4.7.0",
			"resolved": "https://registry.npmjs.org/botframework-schema/-/botframework-schema-4.7.0.tgz",
			"integrity": "sha512-xtmp9Jg3BO2G5THpiPAiFV9oNct/E44BE+J+/SViivNYaM9fLv9QiwNSIxCf1Dn/2X6mQEX5UyBk7Yr+uTq9yA=="
		},
		"botframework-streaming": {
			"version": "4.7.0",
			"resolved": "https://registry.npmjs.org/botframework-streaming/-/botframework-streaming-4.7.0.tgz",
			"integrity": "sha512-FHQ1E6fwQ47eDr/8HXgW4RgTnnY75+kFRBnVZo2TRLLBwKbXTLduTcq38md1lVHRR+1qct3I8cKK1mPZhusqAQ==",
			"requires": {
				"@types/ws": "^6.0.3",
				"uuid": "^3.3.2",
				"ws": "^7.1.2"
			}
		},
		"buffer-equal-constant-time": {
			"version": "1.0.1",
			"resolved": "https://registry.npmjs.org/buffer-equal-constant-time/-/buffer-equal-constant-time-1.0.1.tgz",
			"integrity": "sha1-+OcRMvf/5uAaXJaXpMbz5I1cyBk="
		},
		"caseless": {
			"version": "0.12.0",
			"resolved": "https://registry.npmjs.org/caseless/-/caseless-0.12.0.tgz",
			"integrity": "sha1-G2gcIf+EAzyCZUMJBolCDRhxUdw="
		},
		"combined-stream": {
			"version": "1.0.8",
			"resolved": "https://registry.npmjs.org/combined-stream/-/combined-stream-1.0.8.tgz",
			"integrity": "sha512-FQN4MRfuJeHf7cBbBMJFXhKSDq+2kAArBlmRBvcvFE5BB1HZKXtSFASDhdlz9zOYwxh8lDdnvmMOe/+5cdoEdg==",
			"requires": {
				"delayed-stream": "~1.0.0"
			}
		},
		"core-util-is": {
			"version": "1.0.2",
			"resolved": "https://registry.npmjs.org/core-util-is/-/core-util-is-1.0.2.tgz",
			"integrity": "sha1-tf1UIgqivFq1eqtxQMlAdUUDwac="
		},
		"dashdash": {
			"version": "1.14.1",
			"resolved": "https://registry.npmjs.org/dashdash/-/dashdash-1.14.1.tgz",
			"integrity": "sha1-hTz6D3y+L+1d4gMmuN1YEDX24vA=",
			"requires": {
				"assert-plus": "^1.0.0"
			}
		},
		"date-utils": {
			"version": "1.2.21",
			"resolved": "https://registry.npmjs.org/date-utils/-/date-utils-1.2.21.tgz",
			"integrity": "sha1-YfsWzcEnSzyayq/+n8ad+HIKK2Q="
		},
		"debug": {
			"version": "3.1.0",
			"resolved": "https://registry.npmjs.org/debug/-/debug-3.1.0.tgz",
			"integrity": "sha512-OX8XqP7/1a9cqkxYw2yXss15f26NKWBpDXQd0/uK/KPqdQhxbPa994hnzjcE2VqQpDslf55723cKPUOGSmMY3g==",
			"requires": {
				"ms": "2.0.0"
			}
		},
		"define-properties": {
			"version": "1.1.3",
			"resolved": "https://registry.npmjs.org/define-properties/-/define-properties-1.1.3.tgz",
			"integrity": "sha512-3MqfYKj2lLzdMSf8ZIZE/V+Zuy+BgD6f164e8K2w7dgnpKArBDerGYpM46IYYcjnkdPNMjPk9A6VFB8+3SKlXQ==",
			"requires": {
				"object-keys": "^1.0.12"
			}
		},
		"delayed-stream": {
			"version": "1.0.0",
			"resolved": "https://registry.npmjs.org/delayed-stream/-/delayed-stream-1.0.0.tgz",
			"integrity": "sha1-3zrhmayt+31ECqrgsp4icrJOxhk="
		},
		"ecc-jsbn": {
			"version": "0.1.2",
			"resolved": "https://registry.npmjs.org/ecc-jsbn/-/ecc-jsbn-0.1.2.tgz",
			"integrity": "sha1-OoOpBOVDUyh4dMVkt1SThoSamMk=",
			"requires": {
				"jsbn": "~0.1.0",
				"safer-buffer": "^2.1.0"
			}
		},
		"ecdsa-sig-formatter": {
			"version": "1.0.11",
			"resolved": "https://registry.npmjs.org/ecdsa-sig-formatter/-/ecdsa-sig-formatter-1.0.11.tgz",
			"integrity": "sha512-nagl3RYrbNv6kQkeJIpt6NJZy8twLB/2vtz6yN9Z4vRKHN4/QZJIEbqohALSgwKdnksuY3k5Addp5lg8sVoVcQ==",
			"requires": {
				"safe-buffer": "^5.0.1"
			}
		},
		"es-abstract": {
			"version": "1.17.0-next.1",
			"resolved": "https://registry.npmjs.org/es-abstract/-/es-abstract-1.17.0-next.1.tgz",
			"integrity": "sha512-7MmGr03N7Rnuid6+wyhD9sHNE2n4tFSwExnU2lQl3lIo2ShXWGePY80zYaoMOmILWv57H0amMjZGHNzzGG70Rw==",
			"requires": {
				"es-to-primitive": "^1.2.1",
				"function-bind": "^1.1.1",
				"has": "^1.0.3",
				"has-symbols": "^1.0.1",
				"is-callable": "^1.1.4",
				"is-regex": "^1.0.4",
				"object-inspect": "^1.7.0",
				"object-keys": "^1.1.1",
				"object.assign": "^4.1.0",
				"string.prototype.trimleft": "^2.1.0",
				"string.prototype.trimright": "^2.1.0"
			}
		},
		"es-to-primitive": {
			"version": "1.2.1",
			"resolved": "https://registry.npmjs.org/es-to-primitive/-/es-to-primitive-1.2.1.tgz",
			"integrity": "sha512-QCOllgZJtaUo9miYBcLChTUaHNjJF3PYs1VidD7AwiEj1kYxKeQTctLAezAOH5ZKRH0g2IgPn6KwB4IT8iRpvA==",
			"requires": {
				"is-callable": "^1.1.4",
				"is-date-object": "^1.0.1",
				"is-symbol": "^1.0.2"
			}
		},
		"escape-string-regexp": {
			"version": "1.0.5",
			"resolved": "https://registry.npmjs.org/escape-string-regexp/-/escape-string-regexp-1.0.5.tgz",
			"integrity": "sha1-G2HAViGQqN/2rjuyzwIAyhMLhtQ="
		},
		"extend": {
			"version": "3.0.2",
			"resolved": "https://registry.npmjs.org/extend/-/extend-3.0.2.tgz",
			"integrity": "sha512-fjquC59cD7CyW6urNXK0FBufkZcoiGG80wTuPujX590cB5Ttln20E2UB4S/WARVqhXffZl2LNgS+gQdPIIim/g=="
		},
		"extsprintf": {
			"version": "1.3.0",
			"resolved": "https://registry.npmjs.org/extsprintf/-/extsprintf-1.3.0.tgz",
			"integrity": "sha1-lpGEQOMEGnpBT4xS48V06zw+HgU="
		},
		"fast-deep-equal": {
			"version": "2.0.1",
			"resolved": "https://registry.npmjs.org/fast-deep-equal/-/fast-deep-equal-2.0.1.tgz",
			"integrity": "sha1-ewUhjd+WZ79/Nwv3/bLLFf3Qqkk="
		},
		"fast-json-stable-stringify": {
			"version": "2.0.0",
			"resolved": "https://registry.npmjs.org/fast-json-stable-stringify/-/fast-json-stable-stringify-2.0.0.tgz",
			"integrity": "sha1-1RQsDK7msRifh9OnYREGT4bIu/I="
		},
		"filename-reserved-regex": {
			"version": "2.0.0",
			"resolved": "https://registry.npmjs.org/filename-reserved-regex/-/filename-reserved-regex-2.0.0.tgz",
			"integrity": "sha1-q/c9+rc10EVECr/qLZHzieu/oik="
		},
		"filenamify": {
			"version": "4.1.0",
			"resolved": "https://registry.npmjs.org/filenamify/-/filenamify-4.1.0.tgz",
			"integrity": "sha512-KQV/uJDI9VQgN7sHH1Zbk6+42cD6mnQ2HONzkXUfPJ+K2FC8GZ1dpewbbHw0Sz8Tf5k3EVdHVayM4DoAwWlmtg==",
			"requires": {
				"filename-reserved-regex": "^2.0.0",
				"strip-outer": "^1.0.1",
				"trim-repeated": "^1.0.0"
			}
		},
		"follow-redirects": {
			"version": "1.5.10",
			"resolved": "https://registry.npmjs.org/follow-redirects/-/follow-redirects-1.5.10.tgz",
			"integrity": "sha512-0V5l4Cizzvqt5D44aTXbFZz+FtyXV1vrDN6qrelxtfYQKW0KO0W2T/hkE8xvGa/540LkZlkaUjO4ailYTFtHVQ==",
			"requires": {
				"debug": "=3.1.0"
			}
		},
		"forever-agent": {
			"version": "0.6.1",
			"resolved": "https://registry.npmjs.org/forever-agent/-/forever-agent-0.6.1.tgz",
			"integrity": "sha1-+8cfDEGt6zf5bFd60e1C2P2sypE="
		},
		"form-data": {
			"version": "2.5.1",
			"resolved": "https://registry.npmjs.org/form-data/-/form-data-2.5.1.tgz",
			"integrity": "sha512-m21N3WOmEEURgk6B9GLOE4RuWOFf28Lhh9qGYeNlGq4VDXUlJy2th2slBNU8Gp8EzloYZOibZJ7t5ecIrFSjVA==",
			"requires": {
				"asynckit": "^0.4.0",
				"combined-stream": "^1.0.6",
				"mime-types": "^2.1.12"
			}
		},
		"fs-extra": {
			"version": "7.0.1",
			"resolved": "https://registry.npmjs.org/fs-extra/-/fs-extra-7.0.1.tgz",
			"integrity": "sha512-YJDaCJZEnBmcbw13fvdAM9AwNOJwOzrE4pqMqBq5nFiEqXUqHwlK4B+3pUw6JNvfSPtX05xFHtYy/1ni01eGCw==",
			"requires": {
				"graceful-fs": "^4.1.2",
				"jsonfile": "^4.0.0",
				"universalify": "^0.1.0"
			}
		},
		"function-bind": {
			"version": "1.1.1",
			"resolved": "https://registry.npmjs.org/function-bind/-/function-bind-1.1.1.tgz",
			"integrity": "sha512-yIovAzMX49sF8Yl58fSCWJ5svSLuaibPxXQJFLmBObTuCr0Mf1KiPopGM9NiFjiYBCbfaa2Fh6breQ6ANVTI0A=="
		},
		"getpass": {
			"version": "0.1.7",
			"resolved": "https://registry.npmjs.org/getpass/-/getpass-0.1.7.tgz",
			"integrity": "sha1-Xv+OPmhNVprkyysSgmBOi6YhSfo=",
			"requires": {
				"assert-plus": "^1.0.0"
			}
		},
		"graceful-fs": {
			"version": "4.2.3",
			"resolved": "https://registry.npmjs.org/graceful-fs/-/graceful-fs-4.2.3.tgz",
			"integrity": "sha512-a30VEBm4PEdx1dRB7MFK7BejejvCvBronbLjht+sHuGYj8PHs7M/5Z+rt5lw551vZ7yfTCj4Vuyy3mSJytDWRQ=="
		},
		"har-schema": {
			"version": "2.0.0",
			"resolved": "https://registry.npmjs.org/har-schema/-/har-schema-2.0.0.tgz",
			"integrity": "sha1-qUwiJOvKwEeCoNkDVSHyRzW37JI="
		},
		"har-validator": {
			"version": "5.1.3",
			"resolved": "https://registry.npmjs.org/har-validator/-/har-validator-5.1.3.tgz",
			"integrity": "sha512-sNvOCzEQNr/qrvJgc3UG/kD4QtlHycrzwS+6mfTrrSq97BvaYcPZZI1ZSqGSPR73Cxn4LKTD4PttRwfU7jWq5g==",
			"requires": {
				"ajv": "^6.5.5",
				"har-schema": "^2.0.0"
			}
		},
		"has": {
			"version": "1.0.3",
			"resolved": "https://registry.npmjs.org/has/-/has-1.0.3.tgz",
			"integrity": "sha512-f2dvO0VU6Oej7RkWJGrehjbzMAjFp5/VKPp5tTpWIV4JHHZK1/BxbFRtf/siA2SWTe09caDmVtYYzWEIbBS4zw==",
			"requires": {
				"function-bind": "^1.1.1"
			}
		},
		"has-symbols": {
			"version": "1.0.1",
			"resolved": "https://registry.npmjs.org/has-symbols/-/has-symbols-1.0.1.tgz",
			"integrity": "sha512-PLcsoqu++dmEIZB+6totNFKq/7Do+Z0u4oT0zKOJNl3lYK6vGwwu2hjHs+68OEZbTjiUE9bgOABXbP/GvrS0Kg=="
		},
		"http-signature": {
			"version": "1.2.0",
			"resolved": "https://registry.npmjs.org/http-signature/-/http-signature-1.2.0.tgz",
			"integrity": "sha1-muzZJRFHcvPZW2WmCruPfBj7rOE=",
			"requires": {
				"assert-plus": "^1.0.0",
				"jsprim": "^1.2.2",
				"sshpk": "^1.7.0"
			}
		},
		"inherits": {
			"version": "2.0.1",
			"resolved": "https://registry.npmjs.org/inherits/-/inherits-2.0.1.tgz",
			"integrity": "sha1-sX0I0ya0Qj5Wjv9xn5GwscvfafE="
		},
		"is-buffer": {
			"version": "2.0.4",
			"resolved": "https://registry.npmjs.org/is-buffer/-/is-buffer-2.0.4.tgz",
			"integrity": "sha512-Kq1rokWXOPXWuaMAqZiJW4XxsmD9zGx9q4aePabbn3qCRGedtH7Cm+zV8WETitMfu1wdh+Rvd6w5egwSngUX2A=="
		},
		"is-callable": {
			"version": "1.1.4",
			"resolved": "https://registry.npmjs.org/is-callable/-/is-callable-1.1.4.tgz",
			"integrity": "sha512-r5p9sxJjYnArLjObpjA4xu5EKI3CuKHkJXMhT7kwbpUyIFD1n5PMAsoPvWnvtZiNz7LjkYDRZhd7FlI0eMijEA=="
		},
		"is-date-object": {
			"version": "1.0.1",
			"resolved": "https://registry.npmjs.org/is-date-object/-/is-date-object-1.0.1.tgz",
			"integrity": "sha1-mqIOtq7rv/d/vTPnTKAbM1gdOhY="
		},
		"is-regex": {
			"version": "1.0.4",
			"resolved": "https://registry.npmjs.org/is-regex/-/is-regex-1.0.4.tgz",
			"integrity": "sha1-VRdIm1RwkbCTDglWVM7SXul+lJE=",
			"requires": {
				"has": "^1.0.1"
			}
		},
		"is-symbol": {
			"version": "1.0.3",
			"resolved": "https://registry.npmjs.org/is-symbol/-/is-symbol-1.0.3.tgz",
			"integrity": "sha512-OwijhaRSgqvhm/0ZdAcXNZt9lYdKFpcRDT5ULUuYXPoT794UNOdU+gpT6Rzo7b4V2HUl/op6GqY894AZwv9faQ==",
			"requires": {
				"has-symbols": "^1.0.1"
			}
		},
		"is-typedarray": {
			"version": "1.0.0",
			"resolved": "https://registry.npmjs.org/is-typedarray/-/is-typedarray-1.0.0.tgz",
			"integrity": "sha1-5HnICFjfDBsR3dppQPlgEfzaSpo="
		},
		"isstream": {
			"version": "0.1.2",
			"resolved": "https://registry.npmjs.org/isstream/-/isstream-0.1.2.tgz",
			"integrity": "sha1-R+Y/evVa+m+S4VAOaQ64uFKcCZo="
		},
		"jsbn": {
			"version": "0.1.1",
			"resolved": "https://registry.npmjs.org/jsbn/-/jsbn-0.1.1.tgz",
			"integrity": "sha1-peZUwuWi3rXyAdls77yoDA7y9RM="
		},
		"json-schema": {
			"version": "0.2.3",
			"resolved": "https://registry.npmjs.org/json-schema/-/json-schema-0.2.3.tgz",
			"integrity": "sha1-tIDIkuWaLwWVTOcnvT8qTogvnhM="
		},
		"json-schema-traverse": {
			"version": "0.4.1",
			"resolved": "https://registry.npmjs.org/json-schema-traverse/-/json-schema-traverse-0.4.1.tgz",
			"integrity": "sha512-xbbCH5dCYU5T8LcEhhuh7HJ88HXuW3qsI3Y0zOZFKfZEHcpWiHU/Jxzk629Brsab/mMiHQti9wMP+845RPe3Vg=="
		},
		"json-stringify-safe": {
			"version": "5.0.1",
			"resolved": "https://registry.npmjs.org/json-stringify-safe/-/json-stringify-safe-5.0.1.tgz",
			"integrity": "sha1-Epai1Y/UXxmg9s4B1lcB4sc1tus="
		},
		"jsonfile": {
			"version": "4.0.0",
			"resolved": "https://registry.npmjs.org/jsonfile/-/jsonfile-4.0.0.tgz",
			"integrity": "sha1-h3Gq4HmbZAdrdmQPygWPnBDjPss=",
			"requires": {
				"graceful-fs": "^4.1.6"
			}
		},
		"jsonwebtoken": {
			"version": "8.0.1",
			"resolved": "https://registry.npmjs.org/jsonwebtoken/-/jsonwebtoken-8.0.1.tgz",
			"integrity": "sha1-UNrvjQqMfeLNBrwQE7dbBMzz8M8=",
			"requires": {
				"jws": "^3.1.4",
				"lodash.includes": "^4.3.0",
				"lodash.isboolean": "^3.0.3",
				"lodash.isinteger": "^4.0.4",
				"lodash.isnumber": "^3.0.3",
				"lodash.isplainobject": "^4.0.6",
				"lodash.isstring": "^4.0.1",
				"lodash.once": "^4.0.0",
				"ms": "^2.0.0",
				"xtend": "^4.0.1"
			}
		},
		"jsprim": {
			"version": "1.4.1",
			"resolved": "https://registry.npmjs.org/jsprim/-/jsprim-1.4.1.tgz",
			"integrity": "sha1-MT5mvB5cwG5Di8G3SZwuXFastqI=",
			"requires": {
				"assert-plus": "1.0.0",
				"extsprintf": "1.3.0",
				"json-schema": "0.2.3",
				"verror": "1.10.0"
			}
		},
		"jwa": {
			"version": "1.4.1",
			"resolved": "https://registry.npmjs.org/jwa/-/jwa-1.4.1.tgz",
			"integrity": "sha512-qiLX/xhEEFKUAJ6FiBMbes3w9ATzyk5W7Hvzpa/SLYdxNtng+gcurvrI7TbACjIXlsJyr05/S1oUhZrc63evQA==",
			"requires": {
				"buffer-equal-constant-time": "1.0.1",
				"ecdsa-sig-formatter": "1.0.11",
				"safe-buffer": "^5.0.1"
			}
		},
		"jws": {
			"version": "3.2.2",
			"resolved": "https://registry.npmjs.org/jws/-/jws-3.2.2.tgz",
			"integrity": "sha512-YHlZCB6lMTllWDtSPHz/ZXTsi8S00usEV6v1tjq8tOUZzw7DpSDWVXjXDre6ed1w/pd495ODpHZYSdkRTsa0HA==",
			"requires": {
				"jwa": "^1.4.1",
				"safe-buffer": "^5.0.1"
			}
		},
		"lodash": {
			"version": "4.17.15",
			"resolved": "https://registry.npmjs.org/lodash/-/lodash-4.17.15.tgz",
			"integrity": "sha512-8xOcRHvCjnocdS5cpwXQXVzmmh5e5+saE2QGoeQmbKmRS6J3VQppPOIt0MnmE+4xlZoumy0GPG0D0MVIQbNA1A=="
		},
		"lodash.includes": {
			"version": "4.3.0",
			"resolved": "https://registry.npmjs.org/lodash.includes/-/lodash.includes-4.3.0.tgz",
			"integrity": "sha1-YLuYqHy5I8aMoeUTJUgzFISfVT8="
		},
		"lodash.isboolean": {
			"version": "3.0.3",
			"resolved": "https://registry.npmjs.org/lodash.isboolean/-/lodash.isboolean-3.0.3.tgz",
			"integrity": "sha1-bC4XHbKiV82WgC/UOwGyDV9YcPY="
		},
		"lodash.isinteger": {
			"version": "4.0.4",
			"resolved": "https://registry.npmjs.org/lodash.isinteger/-/lodash.isinteger-4.0.4.tgz",
			"integrity": "sha1-YZwK89A/iwTDH1iChAt3sRzWg0M="
		},
		"lodash.isnumber": {
			"version": "3.0.3",
			"resolved": "https://registry.npmjs.org/lodash.isnumber/-/lodash.isnumber-3.0.3.tgz",
			"integrity": "sha1-POdoEMWSjQM1IwGsKHMX8RwLH/w="
		},
		"lodash.isplainobject": {
			"version": "4.0.6",
			"resolved": "https://registry.npmjs.org/lodash.isplainobject/-/lodash.isplainobject-4.0.6.tgz",
			"integrity": "sha1-fFJqUtibRcRcxpC4gWO+BJf1UMs="
		},
		"lodash.isstring": {
			"version": "4.0.1",
			"resolved": "https://registry.npmjs.org/lodash.isstring/-/lodash.isstring-4.0.1.tgz",
			"integrity": "sha1-1SfftUVuynzJu5XV2ur4i6VKVFE="
		},
		"lodash.once": {
			"version": "4.1.1",
			"resolved": "https://registry.npmjs.org/lodash.once/-/lodash.once-4.1.1.tgz",
			"integrity": "sha1-DdOXEhPHxW34gJd9UEyI+0cal6w="
		},
		"mime-db": {
			"version": "1.42.0",
			"resolved": "https://registry.npmjs.org/mime-db/-/mime-db-1.42.0.tgz",
			"integrity": "sha512-UbfJCR4UAVRNgMpfImz05smAXK7+c+ZntjaA26ANtkXLlOe947Aag5zdIcKQULAiF9Cq4WxBi9jUs5zkA84bYQ=="
		},
		"mime-types": {
			"version": "2.1.25",
			"resolved": "https://registry.npmjs.org/mime-types/-/mime-types-2.1.25.tgz",
			"integrity": "sha512-5KhStqB5xpTAeGqKBAMgwaYMnQik7teQN4IAzC7npDv6kzeU6prfkR67bc87J1kWMPGkoaZSq1npmexMgkmEVg==",
			"requires": {
				"mime-db": "1.42.0"
			}
		},
		"ms": {
			"version": "2.0.0",
			"resolved": "https://registry.npmjs.org/ms/-/ms-2.0.0.tgz",
			"integrity": "sha1-VgiurfwAvmwpAd9fmGF4jeDVl8g="
		},
		"node-fetch": {
			"version": "2.6.0",
			"resolved": "https://registry.npmjs.org/node-fetch/-/node-fetch-2.6.0.tgz",
			"integrity": "sha512-8dG4H5ujfvFiqDmVu9fQ5bOHUC15JMjMY/Zumv26oOvvVJjM67KF8koCWIabKQ1GJIa9r2mMZscBq/TbdOcmNA=="
		},
		"oauth-sign": {
			"version": "0.9.0",
			"resolved": "https://registry.npmjs.org/oauth-sign/-/oauth-sign-0.9.0.tgz",
			"integrity": "sha512-fexhUFFPTGV8ybAtSIGbV6gOkSv8UtRbDBnAyLQw4QPKkgNlsH2ByPGtMUqdWkos6YCRmAqViwgZrJc/mRDzZQ=="
		},
		"object-assign": {
			"version": "4.1.1",
			"resolved": "https://registry.npmjs.org/object-assign/-/object-assign-4.1.1.tgz",
			"integrity": "sha1-IQmtx5ZYh8/AXLvUQsrIv7s2CGM="
		},
		"object-inspect": {
			"version": "1.7.0",
			"resolved": "https://registry.npmjs.org/object-inspect/-/object-inspect-1.7.0.tgz",
			"integrity": "sha512-a7pEHdh1xKIAgTySUGgLMx/xwDZskN1Ud6egYYN3EdRW4ZMPNEDUTF+hwy2LUC+Bl+SyLXANnwz/jyh/qutKUw=="
		},
		"object-keys": {
			"version": "1.1.1",
			"resolved": "https://registry.npmjs.org/object-keys/-/object-keys-1.1.1.tgz",
			"integrity": "sha512-NuAESUOUMrlIXOfHKzD6bpPu3tYt3xvjNdRIQ+FeT0lNb4K8WR70CaDxhuNguS2XG+GjkyMwOzsN5ZktImfhLA=="
		},
		"object.assign": {
			"version": "4.1.0",
			"resolved": "https://registry.npmjs.org/object.assign/-/object.assign-4.1.0.tgz",
			"integrity": "sha512-exHJeq6kBKj58mqGyTQ9DFvrZC/eR6OwxzoM9YRoGBqrXYonaFyGiFMuc9VZrXf7DarreEwMpurG3dd+CNyW5w==",
			"requires": {
				"define-properties": "^1.1.2",
				"function-bind": "^1.1.1",
				"has-symbols": "^1.0.0",
				"object-keys": "^1.0.11"
			}
		},
		"object.getownpropertydescriptors": {
			"version": "2.1.0",
			"resolved": "https://registry.npmjs.org/object.getownpropertydescriptors/-/object.getownpropertydescriptors-2.1.0.tgz",
			"integrity": "sha512-Z53Oah9A3TdLoblT7VKJaTDdXdT+lQO+cNpKVnya5JDe9uLvzu1YyY1yFDFrcxrlRgWrEFH0jJtD/IbuwjcEVg==",
			"requires": {
				"define-properties": "^1.1.3",
				"es-abstract": "^1.17.0-next.1"
			}
		},
		"performance-now": {
			"version": "2.1.0",
			"resolved": "https://registry.npmjs.org/performance-now/-/performance-now-2.1.0.tgz",
			"integrity": "sha1-Ywn04OX6kT7BxpMHrjZLSzd8nns="
		},
		"psl": {
			"version": "1.6.0",
			"resolved": "https://registry.npmjs.org/psl/-/psl-1.6.0.tgz",
			"integrity": "sha512-SYKKmVel98NCOYXpkwUqZqh0ahZeeKfmisiLIcEZdsb+WbLv02g/dI5BUmZnIyOe7RzZtLax81nnb2HbvC2tzA=="
		},
		"punycode": {
			"version": "2.1.1",
			"resolved": "https://registry.npmjs.org/punycode/-/punycode-2.1.1.tgz",
			"integrity": "sha512-XRsRjdf+j5ml+y/6GKHPZbrF/8p2Yga0JPtdqTIY2Xe5ohJPD9saDJJLPvp9+NSBprVvevdXZybnj2cv8OEd0A=="
		},
		"qs": {
			"version": "6.5.2",
			"resolved": "https://registry.npmjs.org/qs/-/qs-6.5.2.tgz",
			"integrity": "sha512-N5ZAX4/LxJmF+7wN74pUD6qAh9/wnvdQcjq9TZjevvXzSUo7bfmw91saqMjzGS2xq91/odN2dW/WOl7qQHNDGA=="
		},
		"request": {
			"version": "2.88.0",
			"resolved": "https://registry.npmjs.org/request/-/request-2.88.0.tgz",
			"integrity": "sha512-NAqBSrijGLZdM0WZNsInLJpkJokL72XYjUpnB0iwsRgxh7dB6COrHnTBNwN0E+lHDAJzu7kLAkDeY08z2/A0hg==",
			"requires": {
				"aws-sign2": "~0.7.0",
				"aws4": "^1.8.0",
				"caseless": "~0.12.0",
				"combined-stream": "~1.0.6",
				"extend": "~3.0.2",
				"forever-agent": "~0.6.1",
				"form-data": "~2.3.2",
				"har-validator": "~5.1.0",
				"http-signature": "~1.2.0",
				"is-typedarray": "~1.0.0",
				"isstream": "~0.1.2",
				"json-stringify-safe": "~5.0.1",
				"mime-types": "~2.1.19",
				"oauth-sign": "~0.9.0",
				"performance-now": "^2.1.0",
				"qs": "~6.5.2",
				"safe-buffer": "^5.1.2",
				"tough-cookie": "~2.4.3",
				"tunnel-agent": "^0.6.0",
				"uuid": "^3.3.2"
			},
			"dependencies": {
				"form-data": {
					"version": "2.3.3",
					"resolved": "https://registry.npmjs.org/form-data/-/form-data-2.3.3.tgz",
					"integrity": "sha512-1lLKB2Mu3aGP1Q/2eCOx0fNbRMe7XdwktwOruhfqqd0rIJWwN4Dh+E3hrPSlDCXnSR7UtZ1N38rVXm+6+MEhJQ==",
					"requires": {
						"asynckit": "^0.4.0",
						"combined-stream": "^1.0.6",
						"mime-types": "^2.1.12"
					}
				},
				"punycode": {
					"version": "1.4.1",
					"resolved": "https://registry.npmjs.org/punycode/-/punycode-1.4.1.tgz",
					"integrity": "sha1-wNWmOycYgArY4esPpSachN1BhF4="
				},
				"tough-cookie": {
					"version": "2.4.3",
					"resolved": "https://registry.npmjs.org/tough-cookie/-/tough-cookie-2.4.3.tgz",
					"integrity": "sha512-Q5srk/4vDM54WJsJio3XNn6K2sCG+CQ8G5Wz6bZhRZoAe/+TxjWB/GlFAnYEbkYVlON9FMk/fE3h2RLpPXo4lQ==",
					"requires": {
						"psl": "^1.1.24",
						"punycode": "^1.4.1"
					}
				}
			}
		},
		"rsa-pem-from-mod-exp": {
			"version": "0.8.4",
			"resolved": "https://registry.npmjs.org/rsa-pem-from-mod-exp/-/rsa-pem-from-mod-exp-0.8.4.tgz",
			"integrity": "sha1-NipCxtMEBW1JOz8SvOq7LGV2ptQ="
		},
		"safe-buffer": {
			"version": "5.2.0",
			"resolved": "https://registry.npmjs.org/safe-buffer/-/safe-buffer-5.2.0.tgz",
			"integrity": "sha512-fZEwUGbVl7kouZs1jCdMLdt95hdIv0ZeHg6L7qPeciMZhZ+/gdesW4wgTARkrFWEpspjEATAzUGPG8N2jJiwbg=="
		},
		"safer-buffer": {
			"version": "2.1.2",
			"resolved": "https://registry.npmjs.org/safer-buffer/-/safer-buffer-2.1.2.tgz",
			"integrity": "sha512-YZo3K82SD7Riyi0E1EQPojLz7kpepnSQI9IyPbHHg1XXXevb5dJI7tpyN2ADxGcQbHG7vcyRHk0cbwqcQriUtg=="
		},
		"sax": {
			"version": "1.2.4",
			"resolved": "https://registry.npmjs.org/sax/-/sax-1.2.4.tgz",
			"integrity": "sha512-NqVDv9TpANUjFm0N8uM5GxL36UgKi9/atZw+x7YFnQ8ckwFGKrl4xX4yWtrey3UJm5nP1kUbnYgLopqWNSRhWw=="
		},
		"sshpk": {
			"version": "1.16.1",
			"resolved": "https://registry.npmjs.org/sshpk/-/sshpk-1.16.1.tgz",
			"integrity": "sha512-HXXqVUq7+pcKeLqqZj6mHFUMvXtOJt1uoUx09pFW6011inTMxqI8BA8PM95myrIyyKwdnzjdFjLiE6KBPVtJIg==",
			"requires": {
				"asn1": "~0.2.3",
				"assert-plus": "^1.0.0",
				"bcrypt-pbkdf": "^1.0.0",
				"dashdash": "^1.12.0",
				"ecc-jsbn": "~0.1.1",
				"getpass": "^0.1.1",
				"jsbn": "~0.1.0",
				"safer-buffer": "^2.0.2",
				"tweetnacl": "~0.14.0"
			}
		},
		"string.prototype.trimleft": {
			"version": "2.1.0",
			"resolved": "https://registry.npmjs.org/string.prototype.trimleft/-/string.prototype.trimleft-2.1.0.tgz",
			"integrity": "sha512-FJ6b7EgdKxxbDxc79cOlok6Afd++TTs5szo+zJTUyow3ycrRfJVE2pq3vcN53XexvKZu/DJMDfeI/qMiZTrjTw==",
			"requires": {
				"define-properties": "^1.1.3",
				"function-bind": "^1.1.1"
			}
		},
		"string.prototype.trimright": {
			"version": "2.1.0",
			"resolved": "https://registry.npmjs.org/string.prototype.trimright/-/string.prototype.trimright-2.1.0.tgz",
			"integrity": "sha512-fXZTSV55dNBwv16uw+hh5jkghxSnc5oHq+5K/gXgizHwAvMetdAJlHqqoFC1FSDVPYWLkAKl2cxpUT41sV7nSg==",
			"requires": {
				"define-properties": "^1.1.3",
				"function-bind": "^1.1.1"
			}
		},
		"strip-outer": {
			"version": "1.0.1",
			"resolved": "https://registry.npmjs.org/strip-outer/-/strip-outer-1.0.1.tgz",
			"integrity": "sha512-k55yxKHwaXnpYGsOzg4Vl8+tDrWylxDEpknGjhTiZB8dFRU5rTo9CAzeycivxV3s+zlTKwrs6WxMxR95n26kwg==",
			"requires": {
				"escape-string-regexp": "^1.0.2"
			}
		},
		"tough-cookie": {
			"version": "2.5.0",
			"resolved": "https://registry.npmjs.org/tough-cookie/-/tough-cookie-2.5.0.tgz",
			"integrity": "sha512-nlLsUzgm1kfLXSXfRZMc1KLAugd4hqJHDTvc2hDIwS3mZAfMEuMbc03SujMF+GEcpaX/qboeycw6iO8JwVv2+g==",
			"requires": {
				"psl": "^1.1.28",
				"punycode": "^2.1.1"
			}
		},
		"trim-repeated": {
			"version": "1.0.0",
			"resolved": "https://registry.npmjs.org/trim-repeated/-/trim-repeated-1.0.0.tgz",
			"integrity": "sha1-42RqLqTokTEr9+rObPsFOAvAHCE=",
			"requires": {
				"escape-string-regexp": "^1.0.2"
			}
		},
		"tslib": {
			"version": "1.10.0",
			"resolved": "https://registry.npmjs.org/tslib/-/tslib-1.10.0.tgz",
			"integrity": "sha512-qOebF53frne81cf0S9B41ByenJ3/IuH8yJKngAX35CmiZySA0khhkovshKK+jGCaMnVomla7gVlIcc3EvKPbTQ=="
		},
		"tunnel-agent": {
			"version": "0.6.0",
			"resolved": "https://registry.npmjs.org/tunnel-agent/-/tunnel-agent-0.6.0.tgz",
			"integrity": "sha1-J6XeoGs2sEoKmWZ3SykIaPD8QP0=",
			"requires": {
				"safe-buffer": "^5.0.1"
			}
		},
		"tweetnacl": {
			"version": "0.14.5",
			"resolved": "https://registry.npmjs.org/tweetnacl/-/tweetnacl-0.14.5.tgz",
			"integrity": "sha1-WuaBd/GS1EViadEIr6k/+HQ/T2Q="
		},
		"underscore": {
			"version": "1.9.1",
			"resolved": "https://registry.npmjs.org/underscore/-/underscore-1.9.1.tgz",
			"integrity": "sha512-5/4etnCkd9c8gwgowi5/om/mYO5ajCaOgdzj/oW+0eQV9WxKBDZw5+ycmKmeaTXjInS/W0BzpGLo2xR2aBwZdg=="
		},
		"universalify": {
			"version": "0.1.2",
			"resolved": "https://registry.npmjs.org/universalify/-/universalify-0.1.2.tgz",
			"integrity": "sha512-rBJeI5CXAlmy1pV+617WB9J63U6XcazHHF2f2dbJix4XzpUF0RS3Zbj0FGIOCAva5P/d/GBOYaACQ1w+0azUkg=="
		},
		"uri-js": {
			"version": "4.2.2",
			"resolved": "https://registry.npmjs.org/uri-js/-/uri-js-4.2.2.tgz",
			"integrity": "sha512-KY9Frmirql91X2Qgjry0Wd4Y+YTdrdZheS8TFwvkbLWf/G5KNJDCh6pKL5OZctEW4+0Baa5idK2ZQuELRwPznQ==",
			"requires": {
				"punycode": "^2.1.0"
			}
		},
		"util": {
			"version": "0.10.3",
			"resolved": "https://registry.npmjs.org/util/-/util-0.10.3.tgz",
			"integrity": "sha1-evsa/lCAUkZInj23/g7TeTNqwPk=",
			"requires": {
				"inherits": "2.0.1"
			}
		},
		"util.promisify": {
			"version": "1.0.0",
			"resolved": "https://registry.npmjs.org/util.promisify/-/util.promisify-1.0.0.tgz",
			"integrity": "sha512-i+6qA2MPhvoKLuxnJNpXAGhg7HphQOSUq2LKMZD0m15EiskXUkMvKdF4Uui0WYeCUGea+o2cw/ZuwehtfsrNkA==",
			"requires": {
				"define-properties": "^1.1.2",
				"object.getownpropertydescriptors": "^2.0.3"
			}
		},
		"uuid": {
			"version": "3.3.3",
			"resolved": "https://registry.npmjs.org/uuid/-/uuid-3.3.3.tgz",
			"integrity": "sha512-pW0No1RGHgzlpHJO1nsVrHKpOEIxkGg1xB+v0ZmdNH5OAeAwzAVrCnI2/6Mtx+Uys6iaylxa+D3g4j63IKKjSQ=="
		},
		"verror": {
			"version": "1.10.0",
			"resolved": "https://registry.npmjs.org/verror/-/verror-1.10.0.tgz",
			"integrity": "sha1-OhBcoXBTr1XW4nDB+CiGguGNpAA=",
			"requires": {
				"assert-plus": "^1.0.0",
				"core-util-is": "1.0.2",
				"extsprintf": "^1.2.0"
			}
		},
		"ws": {
			"version": "7.2.0",
			"resolved": "https://registry.npmjs.org/ws/-/ws-7.2.0.tgz",
			"integrity": "sha512-+SqNqFbwTm/0DC18KYzIsMTnEWpLwJsiasW/O17la4iDRRIO9uaHbvKiAS3AHgTiuuWerK/brj4O6MYZkei9xg==",
			"requires": {
				"async-limiter": "^1.0.0"
			}
		},
		"xml2js": {
			"version": "0.4.22",
			"resolved": "https://registry.npmjs.org/xml2js/-/xml2js-0.4.22.tgz",
			"integrity": "sha512-MWTbxAQqclRSTnehWWe5nMKzI3VmJ8ltiJEco8akcC6j3miOhjjfzKum5sId+CWhfxdOs/1xauYr8/ZDBtQiRw==",
			"requires": {
				"sax": ">=0.6.0",
				"util.promisify": "~1.0.0",
				"xmlbuilder": "~11.0.0"
			}
		},
		"xmlbuilder": {
			"version": "11.0.1",
			"resolved": "https://registry.npmjs.org/xmlbuilder/-/xmlbuilder-11.0.1.tgz",
			"integrity": "sha512-fDlsI/kFEx7gLvbecc0/ohLG50fugQp8ryHzMTuW9vSa1GJ0XYWKnhsUx7oie3G98+r56aTQIUB4kht42R3JvA=="
		},
		"xmldom": {
			"version": "0.1.27",
			"resolved": "https://registry.npmjs.org/xmldom/-/xmldom-0.1.27.tgz",
			"integrity": "sha1-1QH5ezvbQDr4757MIFcxh6rawOk="
		},
		"xpath.js": {
			"version": "1.1.0",
			"resolved": "https://registry.npmjs.org/xpath.js/-/xpath.js-1.1.0.tgz",
			"integrity": "sha512-jg+qkfS4K8E7965sqaUl8mRngXiKb3WZGfONgE18pr03FUQiuSV6G+Ej4tS55B+rIQSFEIw3phdVAQ4pPqNWfQ=="
		},
		"xtend": {
			"version": "4.0.2",
			"resolved": "https://registry.npmjs.org/xtend/-/xtend-4.0.2.tgz",
			"integrity": "sha512-LKYU1iAXJXUgAXn9URjiu+MWhyUXHsvfp7mcuYm9dSUKK0/CjtrUwFAxD82/mCWbtLsGjFIad0wIsod4zrTAEQ=="
		}
	}
}
