{
	"name": "@nlpjs/utils",
	"version": "4.24.2",
	"lockfileVersion": 2,
	"requires": true,
	"packages": {
		"": {
			"name": "@nlpjs/utils",
			"version": "4.24.2",
			"license": "MIT",
			"dependencies": {
				"exceljs": "^4.1.1",
				"https-proxy-agent": "^5.0.0",
				"tar": "^6.0.2"
			}
		},
		"../xtables": {
			"name": "@nlpjs/xtables",
			"version": "4.23.5",
			"extraneous": true,
			"license": "MIT",
			"dependencies": {
				"xlsx": "^0.18.0"
			}
		},
		"node_modules/@fast-csv/format": {},
		"node_modules/@fast-csv/parse": {},
		"node_modules/agent-base": {
			"version": "6.0.1",
			"license": "MIT",
			"dependencies": {
				"debug": "4"
			},
			"engines": {
				"node": ">= 6.0.0"
			}
		},
		"node_modules/archiver": {
			"version": "5.3.0",
			"license": "MIT",
			"dependencies": {
				"archiver-utils": "^2.1.0",
				"async": "^3.2.0",
				"buffer-crc32": "^0.2.1",
				"readable-stream": "^3.6.0",
				"readdir-glob": "^1.0.0",
				"tar-stream": "^2.2.0",
				"zip-stream": "^4.1.0"
			},
			"engines": {
				"node": ">= 10"
			}
		},
		"node_modules/archiver-utils": {
			"version": "2.1.0",
			"license": "MIT",
			"dependencies": {
				"glob": "^7.1.4",
				"graceful-fs": "^4.2.0",
				"lazystream": "^1.0.0",
				"lodash.defaults": "^4.2.0",
				"lodash.difference": "^4.5.0",
				"lodash.flatten": "^4.4.0",
				"lodash.isplainobject": "^4.0.6",
				"lodash.union": "^4.6.0",
				"normalize-path": "^3.0.0",
				"readable-stream": "^2.0.0"
			},
			"engines": {
				"node": ">= 6"
			}
		},
		"node_modules/archiver-utils/node_modules/readable-stream": {},
		"node_modules/async": {},
		"node_modules/balanced-match": {
			"version": "1.0.2",
			"license": "MIT"
		},
		"node_modules/base64-js": {
			"version": "1.5.1",
			"funding": [
				{
					"type": "github",
					"url": "https://github.com/sponsors/feross"
				},
				{
					"type": "patreon",
					"url": "https://www.patreon.com/feross"
				},
				{
					"type": "consulting",
					"url": "https://feross.org/support"
				}
			],
			"license": "MIT"
		},
		"node_modules/big-integer": {
			"version": "1.6.51",
			"license": "Unlicense",
			"engines": {
				"node": ">=0.6"
			}
		},
		"node_modules/binary": {
			"version": "0.3.0",
			"license": "MIT",
			"dependencies": {
				"buffers": "~0.1.1",
				"chainsaw": "~0.1.0"
			}
		},
		"node_modules/bl": {
			"version": "4.1.0",
			"license": "MIT",
			"dependencies": {
				"buffer": "^5.5.0",
				"inherits": "^2.0.4",
				"readable-stream": "^3.4.0"
			}
		},
		"node_modules/bluebird": {
			"version": "3.4.7",
			"license": "MIT"
		},
		"node_modules/brace-expansion": {
			"version": "1.1.11",
			"license": "MIT",
			"dependencies": {
				"balanced-match": "^1.0.0",
				"concat-map": "0.0.1"
			}
		},
		"node_modules/buffer": {
			"version": "5.7.1",
			"funding": [
				{
					"type": "github",
					"url": "https://github.com/sponsors/feross"
				},
				{
					"type": "patreon",
					"url": "https://www.patreon.com/feross"
				},
				{
					"type": "consulting",
					"url": "https://feross.org/support"
				}
			],
			"license": "MIT",
			"dependencies": {
				"base64-js": "^1.3.1",
				"ieee754": "^1.1.13"
			}
		},
		"node_modules/buffer-crc32": {
			"version": "0.2.13",
			"license": "MIT",
			"engines": {
				"node": "*"
			}
		},
		"node_modules/buffer-indexof-polyfill": {
			"version": "1.0.2",
			"license": "MIT",
			"engines": {
				"node": ">=0.10"
			}
		},
		"node_modules/buffers": {
			"version": "0.1.1",
			"engines": {
				"node": ">=0.2.0"
			}
		},
		"node_modules/chainsaw": {
			"version": "0.1.0",
			"license": "MIT/X11",
			"dependencies": {
				"traverse": ">=0.3.0 <0.4"
			}
		},
		"node_modules/chownr": {
			"version": "2.0.0",
			"license": "ISC",
			"engines": {
				"node": ">=10"
			}
		},
		"node_modules/compress-commons": {},
		"node_modules/concat-map": {
			"version": "0.0.1",
			"license": "MIT"
		},
		"node_modules/core-util-is": {
			"version": "1.0.3",
			"license": "MIT"
		},
		"node_modules/dayjs": {
			"version": "1.11.4",
			"resolved": "https://registry.npmjs.org/dayjs/-/dayjs-1.11.4.tgz",
			"integrity": "sha512-Zj/lPM5hOvQ1Bf7uAvewDaUcsJoI6JmNqmHhHl3nyumwe0XHwt8sWdOVAPACJzCebL8gQCi+K49w7iKWnGwX9g=="
		},
		"node_modules/debug": {
			"version": "4.1.1",
			"license": "MIT",
			"dependencies": {
				"ms": "^2.1.1"
			}
		},
		"node_modules/duplexer2": {
			"version": "0.1.4",
			"license": "BSD-3-Clause",
			"dependencies": {
				"readable-stream": "^2.0.2"
			}
		},
		"node_modules/duplexer2/node_modules/readable-stream": {},
		"node_modules/end-of-stream": {
			"version": "1.4.4",
			"license": "MIT",
			"dependencies": {
				"once": "^1.4.0"
			}
		},
		"node_modules/exceljs": {
			"version": "4.3.0",
			"resolved": "https://registry.npmjs.org/exceljs/-/exceljs-4.3.0.tgz",
			"integrity": "sha512-hTAeo5b5TPvf8Z02I2sKIT4kSfCnOO2bCxYX8ABqODCdAjppI3gI9VYiGCQQYVcBaBSKlFDMKlAQRqC+kV9O8w==",
			"dependencies": {
				"archiver": "^5.0.0",
				"dayjs": "^1.8.34",
				"fast-csv": "^4.3.1",
				"jszip": "^3.5.0",
				"readable-stream": "^3.6.0",
				"saxes": "^5.0.1",
				"tmp": "^0.2.0",
				"unzipper": "^0.10.11",
				"uuid": "^8.3.0"
			},
			"engines": {
				"node": ">=8.3.0"
			}
		},
		"node_modules/fast-csv": {
			"version": "4.3.6",
			"license": "MIT",
			"dependencies": {
				"@fast-csv/format": "4.3.5",
				"@fast-csv/parse": "4.3.6"
			},
			"engines": {
				"node": ">=10.0.0"
			}
		},
		"node_modules/fs-constants": {
			"version": "1.0.0",
			"license": "MIT"
		},
		"node_modules/fs-minipass": {
			"version": "2.1.0",
			"license": "ISC",
			"dependencies": {
				"minipass": "^3.0.0"
			},
			"engines": {
				"node": ">= 8"
			}
		},
		"node_modules/fs.realpath": {
			"version": "1.0.0",
			"license": "ISC"
		},
		"node_modules/fstream": {
			"version": "1.0.12",
			"license": "ISC",
			"dependencies": {
				"graceful-fs": "^4.1.2",
				"inherits": "~2.0.0",
				"mkdirp": ">=0.5 0",
				"rimraf": "2"
			},
			"engines": {
				"node": ">=0.6"
			}
		},
		"node_modules/fstream/node_modules/rimraf": {
			"version": "2.7.1",
			"license": "ISC",
			"dependencies": {
				"glob": "^7.1.3"
			},
			"bin": {
				"rimraf": "bin.js"
			}
		},
		"node_modules/glob": {
			"version": "7.2.0",
			"license": "ISC",
			"dependencies": {
				"fs.realpath": "^1.0.0",
				"inflight": "^1.0.4",
				"inherits": "2",
				"minimatch": "^3.0.4",
				"once": "^1.3.0",
				"path-is-absolute": "^1.0.0"
			},
			"engines": {
				"node": "*"
			},
			"funding": {
				"url": "https://github.com/sponsors/isaacs"
			}
		},
		"node_modules/graceful-fs": {
			"version": "4.2.8",
			"license": "ISC"
		},
		"node_modules/https-proxy-agent": {
			"version": "5.0.0",
			"license": "MIT",
			"dependencies": {
				"agent-base": "6",
				"debug": "4"
			},
			"engines": {
				"node": ">= 6"
			}
		},
		"node_modules/ieee754": {
			"version": "1.2.1",
			"funding": [
				{
					"type": "github",
					"url": "https://github.com/sponsors/feross"
				},
				{
					"type": "patreon",
					"url": "https://www.patreon.com/feross"
				},
				{
					"type": "consulting",
					"url": "https://feross.org/support"
				}
			],
			"license": "BSD-3-Clause"
		},
		"node_modules/immediate": {
			"version": "3.0.6",
			"license": "MIT"
		},
		"node_modules/inflight": {
			"version": "1.0.6",
			"license": "ISC",
			"dependencies": {
				"once": "^1.3.0",
				"wrappy": "1"
			}
		},
		"node_modules/inherits": {
			"version": "2.0.4",
			"license": "ISC"
		},
		"node_modules/isarray": {
			"version": "1.0.0",
			"license": "MIT"
		},
		"node_modules/jszip": {
			"version": "3.10.0",
			"resolved": "https://registry.npmjs.org/jszip/-/jszip-3.10.0.tgz",
			"integrity": "sha512-LDfVtOLtOxb9RXkYOwPyNBTQDL4eUbqahtoY6x07GiDJHwSYvn8sHHIw8wINImV3MqbMNve2gSuM1DDqEKk09Q==",
			"dependencies": {
				"lie": "~3.3.0",
				"pako": "~1.0.2",
				"readable-stream": "~2.3.6",
				"setimmediate": "^1.0.5"
			}
		},
		"node_modules/jszip/node_modules/pako": {
			"version": "1.0.11",
			"resolved": "https://registry.npmjs.org/pako/-/pako-1.0.11.tgz",
			"integrity": "sha512-4hLB8Py4zZce5s4yd9XzopqwVv/yGNhV1Bl8NTmCq1763HeK2+EwVTv+leGeL13Dnh2wfbqowVPXCIO0z4taYw=="
		},
		"node_modules/jszip/node_modules/readable-stream": {
			"version": "2.3.7",
			"resolved": "https://registry.npmjs.org/readable-stream/-/readable-stream-2.3.7.tgz",
			"integrity": "sha512-Ebho8K4jIbHAxnuxi7o42OrZgF/ZTNcsZj6nRKyUmkhLFq8CHItp/fy6hQZuZmP/n3yZ9VBUbp4zz/mX8hmYPw==",
			"dependencies": {
				"core-util-is": "~1.0.0",
				"inherits": "~2.0.3",
				"isarray": "~1.0.0",
				"process-nextick-args": "~2.0.0",
				"safe-buffer": "~5.1.1",
				"string_decoder": "~1.1.1",
				"util-deprecate": "~1.0.1"
			}
		},
		"node_modules/lazystream": {
			"version": "1.0.1",
			"license": "MIT",
			"dependencies": {
				"readable-stream": "^2.0.5"
			},
			"engines": {
				"node": ">= 0.6.3"
			}
		},
		"node_modules/lazystream/node_modules/readable-stream": {},
		"node_modules/lie": {
			"version": "3.3.0",
			"license": "MIT",
			"dependencies": {
				"immediate": "~3.0.5"
			}
		},
		"node_modules/listenercount": {
			"version": "1.0.1",
			"license": "ISC"
		},
		"node_modules/lodash.defaults": {
			"version": "4.2.0",
			"license": "MIT"
		},
		"node_modules/lodash.difference": {
			"version": "4.5.0",
			"license": "MIT"
		},
		"node_modules/lodash.flatten": {
			"version": "4.4.0",
			"license": "MIT"
		},
		"node_modules/lodash.isplainobject": {
			"version": "4.0.6",
			"license": "MIT"
		},
		"node_modules/lodash.union": {
			"version": "4.6.0",
			"license": "MIT"
		},
		"node_modules/minimatch": {
			"version": "3.0.4",
			"license": "ISC",
			"dependencies": {
				"brace-expansion": "^1.1.7"
			},
			"engines": {
				"node": "*"
			}
		},
		"node_modules/minimist": {},
		"node_modules/minipass": {
			"version": "3.1.6",
			"license": "ISC",
			"dependencies": {
				"yallist": "^4.0.0"
			},
			"engines": {
				"node": ">=8"
			}
		},
		"node_modules/minizlib": {
			"version": "2.1.2",
			"license": "MIT",
			"dependencies": {
				"minipass": "^3.0.0",
				"yallist": "^4.0.0"
			},
			"engines": {
				"node": ">= 8"
			}
		},
		"node_modules/mkdirp": {
			"version": "0.5.5",
			"license": "MIT",
			"dependencies": {
				"minimist": "^1.2.5"
			},
			"bin": {
				"mkdirp": "bin/cmd.js"
			}
		},
		"node_modules/ms": {
			"version": "2.1.2",
			"license": "MIT"
		},
		"node_modules/normalize-path": {
			"version": "3.0.0",
			"license": "MIT",
			"engines": {
				"node": ">=0.10.0"
			}
		},
		"node_modules/once": {
			"version": "1.4.0",
			"license": "ISC",
			"dependencies": {
				"wrappy": "1"
			}
		},
		"node_modules/path-is-absolute": {
			"version": "1.0.1",
			"license": "MIT",
			"engines": {
				"node": ">=0.10.0"
			}
		},
		"node_modules/process-nextick-args": {
			"version": "2.0.1",
			"license": "MIT"
		},
		"node_modules/readable-stream": {
			"version": "3.6.0",
			"resolved": "https://registry.npmjs.org/readable-stream/-/readable-stream-3.6.0.tgz",
			"integrity": "sha512-BViHy7LKeTz4oNnkcLJ+lVSL6vpiFeX6/d3oSH8zCW7UxP2onchk+vTGB143xuFjHS3deTgkKoXXymXqymiIdA==",
			"dependencies": {
				"inherits": "^2.0.3",
				"string_decoder": "^1.1.1",
				"util-deprecate": "^1.0.1"
			},
			"engines": {
				"node": ">= 6"
			}
		},
		"node_modules/readdir-glob": {
			"version": "1.1.1",
			"license": "Apache-2.0",
			"dependencies": {
				"minimatch": "^3.0.4"
			}
		},
		"node_modules/rimraf": {
			"version": "3.0.2",
			"license": "ISC",
			"dependencies": {
				"glob": "^7.1.3"
			},
			"bin": {
				"rimraf": "bin.js"
			},
			"funding": {
				"url": "https://github.com/sponsors/isaacs"
			}
		},
		"node_modules/safe-buffer": {
			"version": "5.1.2",
			"license": "MIT"
		},
		"node_modules/saxes": {
			"version": "5.0.1",
			"license": "ISC",
			"dependencies": {
				"xmlchars": "^2.2.0"
			},
			"engines": {
				"node": ">=10"
			}
		},
		"node_modules/setimmediate": {
			"version": "1.0.5",
			"license": "MIT"
		},
		"node_modules/string_decoder": {
			"version": "1.1.1",
			"license": "MIT",
			"dependencies": {
				"safe-buffer": "~5.1.0"
			}
		},
		"node_modules/tar": {
			"version": "6.1.11",
			"resolved": "https://registry.npmjs.org/tar/-/tar-6.1.11.tgz",
			"integrity": "sha512-an/KZQzQUkZCkuoAA64hM92X0Urb6VpRhAFllDzz44U2mcD5scmT3zBc4VgVpkugF580+DQn8eAFSyoQt0tznA==",
			"dependencies": {
				"chownr": "^2.0.0",
				"fs-minipass": "^2.0.0",
				"minipass": "^3.0.0",
				"minizlib": "^2.1.1",
				"mkdirp": "^1.0.3",
				"yallist": "^4.0.0"
			},
			"engines": {
				"node": ">= 10"
			}
		},
		"node_modules/tar-stream": {
			"version": "2.2.0",
			"license": "MIT",
			"dependencies": {
				"bl": "^4.0.3",
				"end-of-stream": "^1.4.1",
				"fs-constants": "^1.0.0",
				"inherits": "^2.0.3",
				"readable-stream": "^3.1.1"
			},
			"engines": {
				"node": ">=6"
			}
		},
		"node_modules/tar/node_modules/mkdirp": {
			"version": "1.0.4",
			"license": "MIT",
			"bin": {
				"mkdirp": "bin/cmd.js"
			},
			"engines": {
				"node": ">=10"
			}
		},
		"node_modules/tmp": {
			"version": "0.2.1",
			"license": "MIT",
			"dependencies": {
				"rimraf": "^3.0.0"
			},
			"engines": {
				"node": ">=8.17.0"
			}
		},
		"node_modules/traverse": {
			"version": "0.3.9",
			"license": "MIT/X11"
		},
		"node_modules/unzipper": {
			"version": "0.10.11",
			"resolved": "https://registry.npmjs.org/unzipper/-/unzipper-0.10.11.tgz",
			"integrity": "sha512-+BrAq2oFqWod5IESRjL3S8baohbevGcVA+teAIOYWM3pDVdseogqbzhhvvmiyQrUNKFUnDMtELW3X8ykbyDCJw==",
			"dependencies": {
				"big-integer": "^1.6.17",
				"binary": "~0.3.0",
				"bluebird": "~3.4.1",
				"buffer-indexof-polyfill": "~1.0.0",
				"duplexer2": "~0.1.4",
				"fstream": "^1.0.12",
				"graceful-fs": "^4.2.2",
				"listenercount": "~1.0.1",
				"readable-stream": "~2.3.6",
				"setimmediate": "~1.0.4"
			}
		},
		"node_modules/unzipper/node_modules/readable-stream": {
			"version": "2.3.7",
			"resolved": "https://registry.npmjs.org/readable-stream/-/readable-stream-2.3.7.tgz",
			"integrity": "sha512-Ebho8K4jIbHAxnuxi7o42OrZgF/ZTNcsZj6nRKyUmkhLFq8CHItp/fy6hQZuZmP/n3yZ9VBUbp4zz/mX8hmYPw==",
			"dependencies": {
				"core-util-is": "~1.0.0",
				"inherits": "~2.0.3",
				"isarray": "~1.0.0",
				"process-nextick-args": "~2.0.0",
				"safe-buffer": "~5.1.1",
				"string_decoder": "~1.1.1",
				"util-deprecate": "~1.0.1"
			}
		},
		"node_modules/util-deprecate": {
			"version": "1.0.2",
			"license": "MIT"
		},
		"node_modules/uuid": {
			"version": "8.3.2",
			"resolved": "https://registry.npmjs.org/uuid/-/uuid-8.3.2.tgz",
			"integrity": "sha512-+NYs2QeMWy+GWFOEm9xnn6HCDp0l7QBD7ml8zLUmJ+93Q5NF0NocErnwkTkXVFNiX3/fpC6afS8Dhb/gz7R7eg==",
			"bin": {
				"uuid": "dist/bin/uuid"
			}
		},
		"node_modules/wrappy": {
			"version": "1.0.2",
			"license": "ISC"
		},
		"node_modules/xmlchars": {
			"version": "2.2.0",
			"license": "MIT"
		},
		"node_modules/yallist": {
			"version": "4.0.0",
			"license": "ISC"
		},
		"node_modules/zip-stream": {
			"version": "4.1.0",
			"license": "MIT",
			"dependencies": {
				"archiver-utils": "^2.1.0",
				"compress-commons": "^4.1.0",
				"readable-stream": "^3.6.0"
			},
			"engines": {
				"node": ">= 10"
			}
		}
	},
	"dependencies": {
		"@fast-csv/format": {},
		"@fast-csv/parse": {},
		"agent-base": {
			"version": "6.0.1",
			"requires": {
				"debug": "4"
			}
		},
		"archiver": {
			"version": "5.3.0",
			"requires": {
				"archiver-utils": "^2.1.0",
				"async": "^3.2.0",
				"buffer-crc32": "^0.2.1",
				"readable-stream": "^3.6.0",
				"readdir-glob": "^1.0.0",
				"tar-stream": "^2.2.0",
				"zip-stream": "^4.1.0"
			}
		},
		"archiver-utils": {
			"version": "2.1.0",
			"requires": {
				"glob": "^7.1.4",
				"graceful-fs": "^4.2.0",
				"lazystream": "^1.0.0",
				"lodash.defaults": "^4.2.0",
				"lodash.difference": "^4.5.0",
				"lodash.flatten": "^4.4.0",
				"lodash.isplainobject": "^4.0.6",
				"lodash.union": "^4.6.0",
				"normalize-path": "^3.0.0",
				"readable-stream": "^2.0.0"
			},
			"dependencies": {
				"readable-stream": {}
			}
		},
		"async": {},
		"balanced-match": {
			"version": "1.0.2"
		},
		"base64-js": {
			"version": "1.5.1"
		},
		"big-integer": {
			"version": "1.6.51"
		},
		"binary": {
			"version": "0.3.0",
			"requires": {
				"buffers": "~0.1.1",
				"chainsaw": "~0.1.0"
			}
		},
		"bl": {
			"version": "4.1.0",
			"requires": {
				"buffer": "^5.5.0",
				"inherits": "^2.0.4",
				"readable-stream": "^3.4.0"
			}
		},
		"bluebird": {
			"version": "3.4.7"
		},
		"brace-expansion": {
			"version": "1.1.11",
			"requires": {
				"balanced-match": "^1.0.0",
				"concat-map": "0.0.1"
			}
		},
		"buffer": {
			"version": "5.7.1",
			"requires": {
				"base64-js": "^1.3.1",
				"ieee754": "^1.1.13"
			}
		},
		"buffer-crc32": {
			"version": "0.2.13"
		},
		"buffer-indexof-polyfill": {
			"version": "1.0.2"
		},
		"buffers": {
			"version": "0.1.1"
		},
		"chainsaw": {
			"version": "0.1.0",
			"requires": {
				"traverse": ">=0.3.0 <0.4"
			}
		},
		"chownr": {
			"version": "2.0.0"
		},
		"compress-commons": {},
		"concat-map": {
			"version": "0.0.1"
		},
		"core-util-is": {
			"version": "1.0.3"
		},
		"dayjs": {
			"version": "1.11.4",
			"resolved": "https://registry.npmjs.org/dayjs/-/dayjs-1.11.4.tgz",
			"integrity": "sha512-Zj/lPM5hOvQ1Bf7uAvewDaUcsJoI6JmNqmHhHl3nyumwe0XHwt8sWdOVAPACJzCebL8gQCi+K49w7iKWnGwX9g=="
		},
		"debug": {
			"version": "4.1.1",
			"requires": {
				"ms": "^2.1.1"
			}
		},
		"duplexer2": {
			"version": "0.1.4",
			"requires": {
				"readable-stream": "^2.0.2"
			},
			"dependencies": {
				"readable-stream": {}
			}
		},
		"end-of-stream": {
			"version": "1.4.4",
			"requires": {
				"once": "^1.4.0"
			}
		},
		"exceljs": {
			"version": "4.3.0",
			"resolved": "https://registry.npmjs.org/exceljs/-/exceljs-4.3.0.tgz",
			"integrity": "sha512-hTAeo5b5TPvf8Z02I2sKIT4kSfCnOO2bCxYX8ABqODCdAjppI3gI9VYiGCQQYVcBaBSKlFDMKlAQRqC+kV9O8w==",
			"requires": {
				"archiver": "^5.0.0",
				"dayjs": "^1.8.34",
				"fast-csv": "^4.3.1",
				"jszip": "^3.5.0",
				"readable-stream": "^3.6.0",
				"saxes": "^5.0.1",
				"tmp": "^0.2.0",
				"unzipper": "^0.10.11",
				"uuid": "^8.3.0"
			}
		},
		"fast-csv": {
			"version": "4.3.6",
			"requires": {
				"@fast-csv/format": "4.3.5",
				"@fast-csv/parse": "4.3.6"
			}
		},
		"fs-constants": {
			"version": "1.0.0"
		},
		"fs-minipass": {
			"version": "2.1.0",
			"requires": {
				"minipass": "^3.0.0"
			}
		},
		"fs.realpath": {
			"version": "1.0.0"
		},
		"fstream": {
			"version": "1.0.12",
			"requires": {
				"graceful-fs": "^4.1.2",
				"inherits": "~2.0.0",
				"mkdirp": ">=0.5 0",
				"rimraf": "2"
			},
			"dependencies": {
				"rimraf": {
					"version": "2.7.1",
					"requires": {
						"glob": "^7.1.3"
					}
				}
			}
		},
		"glob": {
			"version": "7.2.0",
			"requires": {
				"fs.realpath": "^1.0.0",
				"inflight": "^1.0.4",
				"inherits": "2",
				"minimatch": "^3.0.4",
				"once": "^1.3.0",
				"path-is-absolute": "^1.0.0"
			}
		},
		"graceful-fs": {
			"version": "4.2.8"
		},
		"https-proxy-agent": {
			"version": "5.0.0",
			"requires": {
				"agent-base": "6",
				"debug": "4"
			}
		},
		"ieee754": {
			"version": "1.2.1"
		},
		"immediate": {
			"version": "3.0.6"
		},
		"inflight": {
			"version": "1.0.6",
			"requires": {
				"once": "^1.3.0",
				"wrappy": "1"
			}
		},
		"inherits": {
			"version": "2.0.4"
		},
		"isarray": {
			"version": "1.0.0"
		},
		"jszip": {
			"version": "3.10.0",
			"resolved": "https://registry.npmjs.org/jszip/-/jszip-3.10.0.tgz",
			"integrity": "sha512-LDfVtOLtOxb9RXkYOwPyNBTQDL4eUbqahtoY6x07GiDJHwSYvn8sHHIw8wINImV3MqbMNve2gSuM1DDqEKk09Q==",
			"requires": {
				"lie": "~3.3.0",
				"pako": "~1.0.2",
				"readable-stream": "~2.3.6",
				"setimmediate": "^1.0.5"
			},
			"dependencies": {
				"pako": {
					"version": "1.0.11",
					"resolved": "https://registry.npmjs.org/pako/-/pako-1.0.11.tgz",
					"integrity": "sha512-4hLB8Py4zZce5s4yd9XzopqwVv/yGNhV1Bl8NTmCq1763HeK2+EwVTv+leGeL13Dnh2wfbqowVPXCIO0z4taYw=="
				},
				"readable-stream": {
					"version": "2.3.7",
					"resolved": "https://registry.npmjs.org/readable-stream/-/readable-stream-2.3.7.tgz",
					"integrity": "sha512-Ebho8K4jIbHAxnuxi7o42OrZgF/ZTNcsZj6nRKyUmkhLFq8CHItp/fy6hQZuZmP/n3yZ9VBUbp4zz/mX8hmYPw==",
					"requires": {
						"core-util-is": "~1.0.0",
						"inherits": "~2.0.3",
						"isarray": "~1.0.0",
						"process-nextick-args": "~2.0.0",
						"safe-buffer": "~5.1.1",
						"string_decoder": "~1.1.1",
						"util-deprecate": "~1.0.1"
					}
				}
			}
		},
		"lazystream": {
			"version": "1.0.1",
			"requires": {
				"readable-stream": "^2.0.5"
			},
			"dependencies": {
				"readable-stream": {}
			}
		},
		"lie": {
			"version": "3.3.0",
			"requires": {
				"immediate": "~3.0.5"
			}
		},
		"listenercount": {
			"version": "1.0.1"
		},
		"lodash.defaults": {
			"version": "4.2.0"
		},
		"lodash.difference": {
			"version": "4.5.0"
		},
		"lodash.flatten": {
			"version": "4.4.0"
		},
		"lodash.isplainobject": {
			"version": "4.0.6"
		},
		"lodash.union": {
			"version": "4.6.0"
		},
		"minimatch": {
			"version": "3.0.4",
			"requires": {
				"brace-expansion": "^1.1.7"
			}
		},
		"minimist": {},
		"minipass": {
			"version": "3.1.6",
			"requires": {
				"yallist": "^4.0.0"
			}
		},
		"minizlib": {
			"version": "2.1.2",
			"requires": {
				"minipass": "^3.0.0",
				"yallist": "^4.0.0"
			}
		},
		"mkdirp": {
			"version": "0.5.5",
			"requires": {
				"minimist": "^1.2.5"
			}
		},
		"ms": {
			"version": "2.1.2"
		},
		"normalize-path": {
			"version": "3.0.0"
		},
		"once": {
			"version": "1.4.0",
			"requires": {
				"wrappy": "1"
			}
		},
		"path-is-absolute": {
			"version": "1.0.1"
		},
		"process-nextick-args": {
			"version": "2.0.1"
		},
		"readable-stream": {
			"version": "3.6.0",
			"resolved": "https://registry.npmjs.org/readable-stream/-/readable-stream-3.6.0.tgz",
			"integrity": "sha512-BViHy7LKeTz4oNnkcLJ+lVSL6vpiFeX6/d3oSH8zCW7UxP2onchk+vTGB143xuFjHS3deTgkKoXXymXqymiIdA==",
			"requires": {
				"inherits": "^2.0.3",
				"string_decoder": "^1.1.1",
				"util-deprecate": "^1.0.1"
			}
		},
		"readdir-glob": {
			"version": "1.1.1",
			"requires": {
				"minimatch": "^3.0.4"
			}
		},
		"rimraf": {
			"version": "3.0.2",
			"requires": {
				"glob": "^7.1.3"
			}
		},
		"safe-buffer": {
			"version": "5.1.2"
		},
		"saxes": {
			"version": "5.0.1",
			"requires": {
				"xmlchars": "^2.2.0"
			}
		},
		"setimmediate": {
			"version": "1.0.5"
		},
		"string_decoder": {
			"version": "1.1.1",
			"requires": {
				"safe-buffer": "~5.1.0"
			}
		},
		"tar": {
			"version": "6.1.11",
			"resolved": "https://registry.npmjs.org/tar/-/tar-6.1.11.tgz",
			"integrity": "sha512-an/KZQzQUkZCkuoAA64hM92X0Urb6VpRhAFllDzz44U2mcD5scmT3zBc4VgVpkugF580+DQn8eAFSyoQt0tznA==",
			"requires": {
				"chownr": "^2.0.0",
				"fs-minipass": "^2.0.0",
				"minipass": "^3.0.0",
				"minizlib": "^2.1.1",
				"mkdirp": "^1.0.3",
				"yallist": "^4.0.0"
			},
			"dependencies": {
				"mkdirp": {
					"version": "1.0.4"
				}
			}
		},
		"tar-stream": {
			"version": "2.2.0",
			"requires": {
				"bl": "^4.0.3",
				"end-of-stream": "^1.4.1",
				"fs-constants": "^1.0.0",
				"inherits": "^2.0.3",
				"readable-stream": "^3.1.1"
			}
		},
		"tmp": {
			"version": "0.2.1",
			"requires": {
				"rimraf": "^3.0.0"
			}
		},
		"traverse": {
			"version": "0.3.9"
		},
		"unzipper": {
			"version": "0.10.11",
			"resolved": "https://registry.npmjs.org/unzipper/-/unzipper-0.10.11.tgz",
			"integrity": "sha512-+BrAq2oFqWod5IESRjL3S8baohbevGcVA+teAIOYWM3pDVdseogqbzhhvvmiyQrUNKFUnDMtELW3X8ykbyDCJw==",
			"requires": {
				"big-integer": "^1.6.17",
				"binary": "~0.3.0",
				"bluebird": "~3.4.1",
				"buffer-indexof-polyfill": "~1.0.0",
				"duplexer2": "~0.1.4",
				"fstream": "^1.0.12",
				"graceful-fs": "^4.2.2",
				"listenercount": "~1.0.1",
				"readable-stream": "~2.3.6",
				"setimmediate": "~1.0.4"
			},
			"dependencies": {
				"readable-stream": {
					"version": "2.3.7",
					"resolved": "https://registry.npmjs.org/readable-stream/-/readable-stream-2.3.7.tgz",
					"integrity": "sha512-Ebho8K4jIbHAxnuxi7o42OrZgF/ZTNcsZj6nRKyUmkhLFq8CHItp/fy6hQZuZmP/n3yZ9VBUbp4zz/mX8hmYPw==",
					"requires": {
						"core-util-is": "~1.0.0",
						"inherits": "~2.0.3",
						"isarray": "~1.0.0",
						"process-nextick-args": "~2.0.0",
						"safe-buffer": "~5.1.1",
						"string_decoder": "~1.1.1",
						"util-deprecate": "~1.0.1"
					}
				}
			}
		},
		"util-deprecate": {
			"version": "1.0.2"
		},
		"uuid": {
			"version": "8.3.2",
			"resolved": "https://registry.npmjs.org/uuid/-/uuid-8.3.2.tgz",
			"integrity": "sha512-+NYs2QeMWy+GWFOEm9xnn6HCDp0l7QBD7ml8zLUmJ+93Q5NF0NocErnwkTkXVFNiX3/fpC6afS8Dhb/gz7R7eg=="
		},
		"wrappy": {
			"version": "1.0.2"
		},
		"xmlchars": {
			"version": "2.2.0"
		},
		"yallist": {
			"version": "4.0.0"
		},
		"zip-stream": {
			"version": "4.1.0",
			"requires": {
				"archiver-utils": "^2.1.0",
				"compress-commons": "^4.1.0",
				"readable-stream": "^3.6.0"
			}
		}
	}
}
