{
	"name": "@nlpjs/request",
	"version": "4.13.2",
	"lockfileVersion": 1,
	"requires": true,
	"dependencies": {
		"@tootallnate/once": {
			"version": "1.1.2",
			"resolved": "https://registry.npmjs.org/@tootallnate/once/-/once-1.1.2.tgz",
			"integrity": "sha512-RbzJvlNzmRq5c3O09UipeuXno4tA1FE6ikOjxZK0tuxVv3412l64l5t1W5pj4+rJq9vpkm/kwiR07aZXnsKPxw=="
		},
		"agent-base": {
			"version": "6.0.0",
			"resolved": "https://registry.npmjs.org/agent-base/-/agent-base-6.0.0.tgz",
			"integrity": "sha512-j1Q7cSCqN+AwrmDd+pzgqc0/NpC655x2bUf5ZjRIO77DcNBFmh+OgRNzF6OKdCC9RSCb19fGd99+bhXFdkRNqw==",
			"requires": {
				"debug": "4"
			}
		},
		"debug": {
			"version": "4.1.1",
			"resolved": "https://registry.npmjs.org/debug/-/debug-4.1.1.tgz",
			"integrity": "sha512-pYAIzeRo8J6KPEaJ0VWOh5Pzkbw/RetuzehGM7QRRX5he4fPHx2rdKMB256ehJCkX+XRQm16eZLqLNS8RSZXZw==",
			"requires": {
				"ms": "^2.1.1"
			}
		},
		"http-proxy-agent": {
			"version": "4.0.1",
			"resolved": "https://registry.npmjs.org/http-proxy-agent/-/http-proxy-agent-4.0.1.tgz",
			"integrity": "sha512-k0zdNgqWTGA6aeIRVpvfVob4fL52dTfaehylg0Y4UvSySvOq/Y+BOyPrgpUrA7HylqvU8vIZGsRuXmspskV0Tg==",
			"requires": {
				"@tootallnate/once": "1",
				"agent-base": "6",
				"debug": "4"
			}
		},
		"https-proxy-agent": {
			"version": "5.0.0",
			"resolved": "https://registry.npmjs.org/https-proxy-agent/-/https-proxy-agent-5.0.0.tgz",
			"integrity": "sha512-EkYm5BcKUGiduxzSt3Eppko+PiNWNEpa4ySk9vTC6wDsQJW9rHSa+UhGNJoRYp7bz6Ht1eaRIa6QaJqO5rCFbA==",
			"requires": {
				"agent-base": "6",
				"debug": "4"
			}
		},
		"ms": {
			"version": "2.1.2",
			"resolved": "https://registry.npmjs.org/ms/-/ms-2.1.2.tgz",
			"integrity": "sha512-sGkPx+VjMtmA6MX27oA4FBFELFCZZ4S4XqeGOXCv68tT+jb3vk/RyaKWP0PTKyWtmLSM0b+adUTEvbs1PEaH2w=="
		}
	}
}
