{
	"name": "@nlpjs/lang-ja",
	"version": "4.22.0",
	"lockfileVersion": 1,
	"requires": true,
	"dependencies": {
		"@nlpjs/core": {
			"version": "4.22.0",
			"resolved": "https://registry.npmjs.org/@nlpjs/core/-/core-4.22.0.tgz",
			"integrity": "sha512-L7Qb5kP+/ZJ7Wyjoli1nk+SQvvMY0BuuLfYLNvJ2vKL3tMmrSdYBJcXhgmOHEROU6jf4LFgY8VwBpFTsRJV97g=="
		},
		"async": {
			"version": "2.6.3",
			"resolved": "https://axags.jfrog.io/axags/api/npm/virtual-bcn-node/async/-/async-2.6.3.tgz",
			"integrity": "sha1-1yYl4jRKNlbjo61Pp0n6gymdgv8=",
			"requires": {
				"lodash": "^4.17.14"
			}
		},
		"doublearray": {
			"version": "0.0.2",
			"resolved": "https://axags.jfrog.io/axags/api/npm/virtual-bcn-node/doublearray/-/doublearray-0.0.2.tgz",
			"integrity": "sha1-Yxhv6NNEEydtNiH2qg7F954ifvk="
		},
		"kuromoji": {
			"version": "0.1.2",
			"resolved": "https://axags.jfrog.io/axags/api/npm/virtual-bcn-node/kuromoji/-/kuromoji-0.1.2.tgz",
			"integrity": "sha1-KT8NZwbfAGESE3mAWI1dqsJtB5A=",
			"requires": {
				"async": "^2.0.1",
				"doublearray": "0.0.2",
				"zlibjs": "^0.3.1"
			}
		},
		"lodash": {
			"version": "4.17.21",
			"resolved": "https://registry.npmjs.org/lodash/-/lodash-4.17.21.tgz",
			"integrity": "sha512-v2kDEe57lecTulaDIuNTPy3Ry4gLGJ6Z1O3vE1krgXZNrsQ+LFTGHVxVjcXPs17LhbZVGedAJv8XZ1tvj5FvSg=="
		},
		"zlibjs": {
			"version": "0.3.1",
			"resolved": "https://axags.jfrog.io/axags/api/npm/virtual-bcn-node/zlibjs/-/zlibjs-0.3.1.tgz",
			"integrity": "sha1-UBl+2yihxCymWcyLTmqd3W1ERVQ="
		}
	}
}
