{
	"name": "@nlpjs/lang-ja",
	"version": "4.24.0",
	"lockfileVersion": 2,
	"requires": true,
	"packages": {
		"": {
			"name": "@nlpjs/lang-ja",
			"version": "4.24.0",
			"license": "MIT",
			"dependencies": {
				"kuromoji": "^0.1.2"
			}
		},
		"node_modules/async": {
			"version": "2.6.4",
			"resolved": "https://registry.npmjs.org/async/-/async-2.6.4.tgz",
			"integrity": "sha512-mzo5dfJYwAn29PeiJ0zvwTo04zj8HDJj0Mn8TD7sno7q12prdbnasKJHhkm2c1LgrhlJ0teaea8860oxi51mGA==",
			"dependencies": {
				"lodash": "^4.17.14"
			}
		},
		"node_modules/doublearray": {
			"version": "0.0.2",
			"resolved": "https://registry.npmjs.org/doublearray/-/doublearray-0.0.2.tgz",
			"integrity": "sha512-aw55FtZzT6AmiamEj2kvmR6BuFqvYgKZUkfQ7teqVRNqD5UE0rw8IeW/3gieHNKQ5sPuDKlljWEn4bzv5+1bHw=="
		},
		"node_modules/kuromoji": {
			"version": "0.1.2",
			"resolved": "https://registry.npmjs.org/kuromoji/-/kuromoji-0.1.2.tgz",
			"integrity": "sha512-V0dUf+C2LpcPEXhoHLMAop/bOht16Dyr+mDiIE39yX3vqau7p80De/koFqpiTcL1zzdZlc3xuHZ8u5gjYRfFaQ==",
			"dependencies": {
				"async": "^2.0.1",
				"doublearray": "0.0.2",
				"zlibjs": "^0.3.1"
			}
		},
		"node_modules/lodash": {
			"version": "4.17.21",
			"resolved": "https://registry.npmjs.org/lodash/-/lodash-4.17.21.tgz",
			"integrity": "sha512-v2kDEe57lecTulaDIuNTPy3Ry4gLGJ6Z1O3vE1krgXZNrsQ+LFTGHVxVjcXPs17LhbZVGedAJv8XZ1tvj5FvSg=="
		},
		"node_modules/zlibjs": {
			"version": "0.3.1",
			"resolved": "https://registry.npmjs.org/zlibjs/-/zlibjs-0.3.1.tgz",
			"integrity": "sha512-+J9RrgTKOmlxFSDHo0pI1xM6BLVUv+o0ZT9ANtCxGkjIVCCUdx9alUF8Gm+dGLKbkkkidWIHFDZHDMpfITt4+w==",
			"engines": {
				"node": "*"
			}
		}
	},
	"dependencies": {
		"async": {
			"version": "2.6.4",
			"resolved": "https://registry.npmjs.org/async/-/async-2.6.4.tgz",
			"integrity": "sha512-mzo5dfJYwAn29PeiJ0zvwTo04zj8HDJj0Mn8TD7sno7q12prdbnasKJHhkm2c1LgrhlJ0teaea8860oxi51mGA==",
			"requires": {
				"lodash": "^4.17.14"
			}
		},
		"doublearray": {
			"version": "0.0.2",
			"resolved": "https://registry.npmjs.org/doublearray/-/doublearray-0.0.2.tgz",
			"integrity": "sha512-aw55FtZzT6AmiamEj2kvmR6BuFqvYgKZUkfQ7teqVRNqD5UE0rw8IeW/3gieHNKQ5sPuDKlljWEn4bzv5+1bHw=="
		},
		"kuromoji": {
			"version": "0.1.2",
			"resolved": "https://registry.npmjs.org/kuromoji/-/kuromoji-0.1.2.tgz",
			"integrity": "sha512-V0dUf+C2LpcPEXhoHLMAop/bOht16Dyr+mDiIE39yX3vqau7p80De/koFqpiTcL1zzdZlc3xuHZ8u5gjYRfFaQ==",
			"requires": {
				"async": "^2.0.1",
				"doublearray": "0.0.2",
				"zlibjs": "^0.3.1"
			}
		},
		"lodash": {
			"version": "4.17.21",
			"resolved": "https://registry.npmjs.org/lodash/-/lodash-4.17.21.tgz",
			"integrity": "sha512-v2kDEe57lecTulaDIuNTPy3Ry4gLGJ6Z1O3vE1krgXZNrsQ+LFTGHVxVjcXPs17LhbZVGedAJv8XZ1tvj5FvSg=="
		},
		"zlibjs": {
			"version": "0.3.1",
			"resolved": "https://registry.npmjs.org/zlibjs/-/zlibjs-0.3.1.tgz",
			"integrity": "sha512-+J9RrgTKOmlxFSDHo0pI1xM6BLVUv+o0ZT9ANtCxGkjIVCCUdx9alUF8Gm+dGLKbkkkidWIHFDZHDMpfITt4+w=="
		}
	}
}
